// !$*UTF8*$!
{
	archiveVersion = 1;
	classes = {
	};
	objectVersion = 46;
	objects = {

/* Begin PBXBuildFile section */
		6EBB195C1DF68A6E005FCB70 /* bn_error.c in Sources */ = {isa = PBXBuildFile; fileRef = 6EBB179D1DF68A6D005FCB70 /* bn_error.c */; };
		6EBB195E1DF68A6E005FCB70 /* bn_fast_mp_invmod.c in Sources */ = {isa = PBXBuildFile; fileRef = 6EBB179F1DF68A6D005FCB70 /* bn_fast_mp_invmod.c */; };
		6EBB19601DF68A6E005FCB70 /* bn_fast_mp_montgomery_reduce.c in Sources */ = {isa = PBXBuildFile; fileRef = 6EBB17A11DF68A6D005FCB70 /* bn_fast_mp_montgomery_reduce.c */; };
		6EBB19621DF68A6E005FCB70 /* bn_fast_s_mp_mul_digs.c in Sources */ = {isa = PBXBuildFile; fileRef = 6EBB17A31DF68A6D005FCB70 /* bn_fast_s_mp_mul_digs.c */; };
		6EBB19641DF68A6E005FCB70 /* bn_fast_s_mp_mul_high_digs.c in Sources */ = {isa = PBXBuildFile; fileRef = 6EBB17A51DF68A6D005FCB70 /* bn_fast_s_mp_mul_high_digs.c */; };
		6EBB19661DF68A6E005FCB70 /* bn_fast_s_mp_sqr.c in Sources */ = {isa = PBXBuildFile; fileRef = 6EBB17A71DF68A6D005FCB70 /* bn_fast_s_mp_sqr.c */; };
		6EBB19681DF68A6E005FCB70 /* bn_mp_2expt.c in Sources */ = {isa = PBXBuildFile; fileRef = 6EBB17A91DF68A6D005FCB70 /* bn_mp_2expt.c */; };
		6EBB196A1DF68A6E005FCB70 /* bn_mp_abs.c in Sources */ = {isa = PBXBuildFile; fileRef = 6EBB17AB1DF68A6D005FCB70 /* bn_mp_abs.c */; };
		6EBB196C1DF68A6E005FCB70 /* bn_mp_add.c in Sources */ = {isa = PBXBuildFile; fileRef = 6EBB17AD1DF68A6D005FCB70 /* bn_mp_add.c */; };
		6EBB196E1DF68A6E005FCB70 /* bn_mp_add_d.c in Sources */ = {isa = PBXBuildFile; fileRef = 6EBB17AF1DF68A6D005FCB70 /* bn_mp_add_d.c */; };
		6EBB19701DF68A6E005FCB70 /* bn_mp_addmod.c in Sources */ = {isa = PBXBuildFile; fileRef = 6EBB17B11DF68A6D005FCB70 /* bn_mp_addmod.c */; };
		6EBB19721DF68A6E005FCB70 /* bn_mp_and.c in Sources */ = {isa = PBXBuildFile; fileRef = 6EBB17B31DF68A6D005FCB70 /* bn_mp_and.c */; };
		6EBB19741DF68A6E005FCB70 /* bn_mp_clamp.c in Sources */ = {isa = PBXBuildFile; fileRef = 6EBB17B51DF68A6D005FCB70 /* bn_mp_clamp.c */; };
		6EBB19761DF68A6E005FCB70 /* bn_mp_clear.c in Sources */ = {isa = PBXBuildFile; fileRef = 6EBB17B71DF68A6D005FCB70 /* bn_mp_clear.c */; };
		6EBB19781DF68A6E005FCB70 /* bn_mp_clear_multi.c in Sources */ = {isa = PBXBuildFile; fileRef = 6EBB17B91DF68A6D005FCB70 /* bn_mp_clear_multi.c */; };
		6EBB197A1DF68A6E005FCB70 /* bn_mp_cmp.c in Sources */ = {isa = PBXBuildFile; fileRef = 6EBB17BB1DF68A6D005FCB70 /* bn_mp_cmp.c */; };
		6EBB197C1DF68A6E005FCB70 /* bn_mp_cmp_d.c in Sources */ = {isa = PBXBuildFile; fileRef = 6EBB17BD1DF68A6D005FCB70 /* bn_mp_cmp_d.c */; };
		6EBB197E1DF68A6E005FCB70 /* bn_mp_cmp_mag.c in Sources */ = {isa = PBXBuildFile; fileRef = 6EBB17BF1DF68A6D005FCB70 /* bn_mp_cmp_mag.c */; };
		6EBB19801DF68A6E005FCB70 /* bn_mp_cnt_lsb.c in Sources */ = {isa = PBXBuildFile; fileRef = 6EBB17C11DF68A6D005FCB70 /* bn_mp_cnt_lsb.c */; };
		6EBB19821DF68A6E005FCB70 /* bn_mp_copy.c in Sources */ = {isa = PBXBuildFile; fileRef = 6EBB17C31DF68A6D005FCB70 /* bn_mp_copy.c */; };
		6EBB19841DF68A6E005FCB70 /* bn_mp_count_bits.c in Sources */ = {isa = PBXBuildFile; fileRef = 6EBB17C51DF68A6D005FCB70 /* bn_mp_count_bits.c */; };
		6EBB19861DF68A6E005FCB70 /* bn_mp_div.c in Sources */ = {isa = PBXBuildFile; fileRef = 6EBB17C71DF68A6D005FCB70 /* bn_mp_div.c */; };
		6EBB19881DF68A6E005FCB70 /* bn_mp_div_2.c in Sources */ = {isa = PBXBuildFile; fileRef = 6EBB17C91DF68A6D005FCB70 /* bn_mp_div_2.c */; };
		6EBB198A1DF68A6E005FCB70 /* bn_mp_div_2d.c in Sources */ = {isa = PBXBuildFile; fileRef = 6EBB17CB1DF68A6D005FCB70 /* bn_mp_div_2d.c */; };
		6EBB198C1DF68A6E005FCB70 /* bn_mp_div_3.c in Sources */ = {isa = PBXBuildFile; fileRef = 6EBB17CD1DF68A6D005FCB70 /* bn_mp_div_3.c */; };
		6EBB198E1DF68A6E005FCB70 /* bn_mp_div_d.c in Sources */ = {isa = PBXBuildFile; fileRef = 6EBB17CF1DF68A6D005FCB70 /* bn_mp_div_d.c */; };
		6EBB19901DF68A6E005FCB70 /* bn_mp_dr_is_modulus.c in Sources */ = {isa = PBXBuildFile; fileRef = 6EBB17D11DF68A6D005FCB70 /* bn_mp_dr_is_modulus.c */; };
		6EBB19921DF68A6E005FCB70 /* bn_mp_dr_reduce.c in Sources */ = {isa = PBXBuildFile; fileRef = 6EBB17D31DF68A6D005FCB70 /* bn_mp_dr_reduce.c */; };
		6EBB19941DF68A6E005FCB70 /* bn_mp_dr_setup.c in Sources */ = {isa = PBXBuildFile; fileRef = 6EBB17D51DF68A6D005FCB70 /* bn_mp_dr_setup.c */; };
		6EBB19961DF68A6E005FCB70 /* bn_mp_exch.c in Sources */ = {isa = PBXBuildFile; fileRef = 6EBB17D71DF68A6D005FCB70 /* bn_mp_exch.c */; };
		6EBB19981DF68A6E005FCB70 /* bn_mp_expt_d.c in Sources */ = {isa = PBXBuildFile; fileRef = 6EBB17D91DF68A6D005FCB70 /* bn_mp_expt_d.c */; };
		6EBB199A1DF68A6E005FCB70 /* bn_mp_exptmod.c in Sources */ = {isa = PBXBuildFile; fileRef = 6EBB17DB1DF68A6D005FCB70 /* bn_mp_exptmod.c */; };
		6EBB199C1DF68A6E005FCB70 /* bn_mp_exptmod_fast.c in Sources */ = {isa = PBXBuildFile; fileRef = 6EBB17DD1DF68A6D005FCB70 /* bn_mp_exptmod_fast.c */; };
		6EBB199E1DF68A6E005FCB70 /* bn_mp_exteuclid.c in Sources */ = {isa = PBXBuildFile; fileRef = 6EBB17DF1DF68A6D005FCB70 /* bn_mp_exteuclid.c */; };
		6EBB19A01DF68A6E005FCB70 /* bn_mp_fread.c in Sources */ = {isa = PBXBuildFile; fileRef = 6EBB17E11DF68A6D005FCB70 /* bn_mp_fread.c */; };
		6EBB19A21DF68A6E005FCB70 /* bn_mp_fwrite.c in Sources */ = {isa = PBXBuildFile; fileRef = 6EBB17E31DF68A6D005FCB70 /* bn_mp_fwrite.c */; };
		6EBB19A41DF68A6E005FCB70 /* bn_mp_gcd.c in Sources */ = {isa = PBXBuildFile; fileRef = 6EBB17E51DF68A6D005FCB70 /* bn_mp_gcd.c */; };
		6EBB19A61DF68A6E005FCB70 /* bn_mp_get_int.c in Sources */ = {isa = PBXBuildFile; fileRef = 6EBB17E71DF68A6D005FCB70 /* bn_mp_get_int.c */; };
		6EBB19A81DF68A6E005FCB70 /* bn_mp_grow.c in Sources */ = {isa = PBXBuildFile; fileRef = 6EBB17E91DF68A6D005FCB70 /* bn_mp_grow.c */; };
		6EBB19AA1DF68A6E005FCB70 /* bn_mp_init.c in Sources */ = {isa = PBXBuildFile; fileRef = 6EBB17EB1DF68A6D005FCB70 /* bn_mp_init.c */; };
		6EBB19AC1DF68A6E005FCB70 /* bn_mp_init_copy.c in Sources */ = {isa = PBXBuildFile; fileRef = 6EBB17ED1DF68A6D005FCB70 /* bn_mp_init_copy.c */; };
		6EBB19AE1DF68A6E005FCB70 /* bn_mp_init_multi.c in Sources */ = {isa = PBXBuildFile; fileRef = 6EBB17EF1DF68A6D005FCB70 /* bn_mp_init_multi.c */; };
		6EBB19B01DF68A6E005FCB70 /* bn_mp_init_set.c in Sources */ = {isa = PBXBuildFile; fileRef = 6EBB17F11DF68A6D005FCB70 /* bn_mp_init_set.c */; };
		6EBB19B21DF68A6E005FCB70 /* bn_mp_init_set_int.c in Sources */ = {isa = PBXBuildFile; fileRef = 6EBB17F31DF68A6D005FCB70 /* bn_mp_init_set_int.c */; };
		6EBB19B41DF68A6E005FCB70 /* bn_mp_init_size.c in Sources */ = {isa = PBXBuildFile; fileRef = 6EBB17F51DF68A6D005FCB70 /* bn_mp_init_size.c */; };
		6EBB19B61DF68A6E005FCB70 /* bn_mp_invmod.c in Sources */ = {isa = PBXBuildFile; fileRef = 6EBB17F71DF68A6D005FCB70 /* bn_mp_invmod.c */; };
		6EBB19B81DF68A6E005FCB70 /* bn_mp_invmod_slow.c in Sources */ = {isa = PBXBuildFile; fileRef = 6EBB17F91DF68A6D005FCB70 /* bn_mp_invmod_slow.c */; };
		6EBB19BA1DF68A6E005FCB70 /* bn_mp_is_square.c in Sources */ = {isa = PBXBuildFile; fileRef = 6EBB17FB1DF68A6D005FCB70 /* bn_mp_is_square.c */; };
		6EBB19BC1DF68A6E005FCB70 /* bn_mp_jacobi.c in Sources */ = {isa = PBXBuildFile; fileRef = 6EBB17FD1DF68A6D005FCB70 /* bn_mp_jacobi.c */; };
		6EBB19BE1DF68A6E005FCB70 /* bn_mp_karatsuba_mul.c in Sources */ = {isa = PBXBuildFile; fileRef = 6EBB17FF1DF68A6D005FCB70 /* bn_mp_karatsuba_mul.c */; };
		6EBB19C01DF68A6E005FCB70 /* bn_mp_karatsuba_sqr.c in Sources */ = {isa = PBXBuildFile; fileRef = 6EBB18011DF68A6D005FCB70 /* bn_mp_karatsuba_sqr.c */; };
		6EBB19C21DF68A6E005FCB70 /* bn_mp_lcm.c in Sources */ = {isa = PBXBuildFile; fileRef = 6EBB18031DF68A6D005FCB70 /* bn_mp_lcm.c */; };
		6EBB19C41DF68A6E005FCB70 /* bn_mp_lshd.c in Sources */ = {isa = PBXBuildFile; fileRef = 6EBB18051DF68A6D005FCB70 /* bn_mp_lshd.c */; };
		6EBB19C61DF68A6E005FCB70 /* bn_mp_mod.c in Sources */ = {isa = PBXBuildFile; fileRef = 6EBB18071DF68A6D005FCB70 /* bn_mp_mod.c */; };
		6EBB19C81DF68A6E005FCB70 /* bn_mp_mod_2d.c in Sources */ = {isa = PBXBuildFile; fileRef = 6EBB18091DF68A6D005FCB70 /* bn_mp_mod_2d.c */; };
		6EBB19CA1DF68A6E005FCB70 /* bn_mp_mod_d.c in Sources */ = {isa = PBXBuildFile; fileRef = 6EBB180B1DF68A6D005FCB70 /* bn_mp_mod_d.c */; };
		6EBB19CC1DF68A6E005FCB70 /* bn_mp_montgomery_calc_normalization.c in Sources */ = {isa = PBXBuildFile; fileRef = 6EBB180D1DF68A6D005FCB70 /* bn_mp_montgomery_calc_normalization.c */; };
		6EBB19CE1DF68A6E005FCB70 /* bn_mp_montgomery_reduce.c in Sources */ = {isa = PBXBuildFile; fileRef = 6EBB180F1DF68A6D005FCB70 /* bn_mp_montgomery_reduce.c */; };
		6EBB19D01DF68A6E005FCB70 /* bn_mp_montgomery_setup.c in Sources */ = {isa = PBXBuildFile; fileRef = 6EBB18111DF68A6D005FCB70 /* bn_mp_montgomery_setup.c */; };
		6EBB19D21DF68A6E005FCB70 /* bn_mp_mul.c in Sources */ = {isa = PBXBuildFile; fileRef = 6EBB18131DF68A6D005FCB70 /* bn_mp_mul.c */; };
		6EBB19D41DF68A6E005FCB70 /* bn_mp_mul_2.c in Sources */ = {isa = PBXBuildFile; fileRef = 6EBB18151DF68A6D005FCB70 /* bn_mp_mul_2.c */; };
		6EBB19D61DF68A6E005FCB70 /* bn_mp_mul_2d.c in Sources */ = {isa = PBXBuildFile; fileRef = 6EBB18171DF68A6D005FCB70 /* bn_mp_mul_2d.c */; };
		6EBB19D81DF68A6E005FCB70 /* bn_mp_mul_d.c in Sources */ = {isa = PBXBuildFile; fileRef = 6EBB18191DF68A6D005FCB70 /* bn_mp_mul_d.c */; };
		6EBB19DA1DF68A6E005FCB70 /* bn_mp_mulmod.c in Sources */ = {isa = PBXBuildFile; fileRef = 6EBB181B1DF68A6D005FCB70 /* bn_mp_mulmod.c */; };
		6EBB19DC1DF68A6E005FCB70 /* bn_mp_n_root.c in Sources */ = {isa = PBXBuildFile; fileRef = 6EBB181D1DF68A6D005FCB70 /* bn_mp_n_root.c */; };
		6EBB19DE1DF68A6E005FCB70 /* bn_mp_neg.c in Sources */ = {isa = PBXBuildFile; fileRef = 6EBB181F1DF68A6D005FCB70 /* bn_mp_neg.c */; };
		6EBB19E01DF68A6E005FCB70 /* bn_mp_or.c in Sources */ = {isa = PBXBuildFile; fileRef = 6EBB18211DF68A6D005FCB70 /* bn_mp_or.c */; };
		6EBB19E21DF68A6E005FCB70 /* bn_mp_prime_fermat.c in Sources */ = {isa = PBXBuildFile; fileRef = 6EBB18231DF68A6D005FCB70 /* bn_mp_prime_fermat.c */; };
		6EBB19E41DF68A6E005FCB70 /* bn_mp_prime_is_divisible.c in Sources */ = {isa = PBXBuildFile; fileRef = 6EBB18251DF68A6D005FCB70 /* bn_mp_prime_is_divisible.c */; };
		6EBB19E61DF68A6E005FCB70 /* bn_mp_prime_is_prime.c in Sources */ = {isa = PBXBuildFile; fileRef = 6EBB18271DF68A6D005FCB70 /* bn_mp_prime_is_prime.c */; };
		6EBB19E81DF68A6E005FCB70 /* bn_mp_prime_miller_rabin.c in Sources */ = {isa = PBXBuildFile; fileRef = 6EBB18291DF68A6D005FCB70 /* bn_mp_prime_miller_rabin.c */; };
		6EBB19EA1DF68A6E005FCB70 /* bn_mp_prime_next_prime.c in Sources */ = {isa = PBXBuildFile; fileRef = 6EBB182B1DF68A6D005FCB70 /* bn_mp_prime_next_prime.c */; };
		6EBB19EC1DF68A6E005FCB70 /* bn_mp_prime_rabin_miller_trials.c in Sources */ = {isa = PBXBuildFile; fileRef = 6EBB182D1DF68A6D005FCB70 /* bn_mp_prime_rabin_miller_trials.c */; };
		6EBB19EE1DF68A6E005FCB70 /* bn_mp_prime_random_ex.c in Sources */ = {isa = PBXBuildFile; fileRef = 6EBB182F1DF68A6D005FCB70 /* bn_mp_prime_random_ex.c */; };
		6EBB19F01DF68A6E005FCB70 /* bn_mp_radix_size.c in Sources */ = {isa = PBXBuildFile; fileRef = 6EBB18311DF68A6D005FCB70 /* bn_mp_radix_size.c */; };
		6EBB19F21DF68A6E005FCB70 /* bn_mp_radix_smap.c in Sources */ = {isa = PBXBuildFile; fileRef = 6EBB18331DF68A6D005FCB70 /* bn_mp_radix_smap.c */; };
		6EBB19F41DF68A6E005FCB70 /* bn_mp_rand.c in Sources */ = {isa = PBXBuildFile; fileRef = 6EBB18351DF68A6D005FCB70 /* bn_mp_rand.c */; };
		6EBB19F61DF68A6E005FCB70 /* bn_mp_read_radix.c in Sources */ = {isa = PBXBuildFile; fileRef = 6EBB18371DF68A6D005FCB70 /* bn_mp_read_radix.c */; };
		6EBB19F81DF68A6E005FCB70 /* bn_mp_read_signed_bin.c in Sources */ = {isa = PBXBuildFile; fileRef = 6EBB18391DF68A6D005FCB70 /* bn_mp_read_signed_bin.c */; };
		6EBB19FA1DF68A6E005FCB70 /* bn_mp_read_unsigned_bin.c in Sources */ = {isa = PBXBuildFile; fileRef = 6EBB183B1DF68A6D005FCB70 /* bn_mp_read_unsigned_bin.c */; };
		6EBB19FC1DF68A6E005FCB70 /* bn_mp_reduce.c in Sources */ = {isa = PBXBuildFile; fileRef = 6EBB183D1DF68A6D005FCB70 /* bn_mp_reduce.c */; };
		6EBB19FE1DF68A6E005FCB70 /* bn_mp_reduce_2k.c in Sources */ = {isa = PBXBuildFile; fileRef = 6EBB183F1DF68A6D005FCB70 /* bn_mp_reduce_2k.c */; };
		6EBB1A001DF68A6E005FCB70 /* bn_mp_reduce_2k_l.c in Sources */ = {isa = PBXBuildFile; fileRef = 6EBB18411DF68A6D005FCB70 /* bn_mp_reduce_2k_l.c */; };
		6EBB1A021DF68A6E005FCB70 /* bn_mp_reduce_2k_setup.c in Sources */ = {isa = PBXBuildFile; fileRef = 6EBB18431DF68A6D005FCB70 /* bn_mp_reduce_2k_setup.c */; };
		6EBB1A041DF68A6E005FCB70 /* bn_mp_reduce_2k_setup_l.c in Sources */ = {isa = PBXBuildFile; fileRef = 6EBB18451DF68A6D005FCB70 /* bn_mp_reduce_2k_setup_l.c */; };
		6EBB1A061DF68A6E005FCB70 /* bn_mp_reduce_is_2k.c in Sources */ = {isa = PBXBuildFile; fileRef = 6EBB18471DF68A6D005FCB70 /* bn_mp_reduce_is_2k.c */; };
		6EBB1A081DF68A6E005FCB70 /* bn_mp_reduce_is_2k_l.c in Sources */ = {isa = PBXBuildFile; fileRef = 6EBB18491DF68A6D005FCB70 /* bn_mp_reduce_is_2k_l.c */; };
		6EBB1A0A1DF68A6E005FCB70 /* bn_mp_reduce_setup.c in Sources */ = {isa = PBXBuildFile; fileRef = 6EBB184B1DF68A6D005FCB70 /* bn_mp_reduce_setup.c */; };
		6EBB1A0C1DF68A6E005FCB70 /* bn_mp_rshd.c in Sources */ = {isa = PBXBuildFile; fileRef = 6EBB184D1DF68A6D005FCB70 /* bn_mp_rshd.c */; };
		6EBB1A0E1DF68A6E005FCB70 /* bn_mp_set.c in Sources */ = {isa = PBXBuildFile; fileRef = 6EBB184F1DF68A6D005FCB70 /* bn_mp_set.c */; };
		6EBB1A101DF68A6E005FCB70 /* bn_mp_set_int.c in Sources */ = {isa = PBXBuildFile; fileRef = 6EBB18511DF68A6D005FCB70 /* bn_mp_set_int.c */; };
		6EBB1A121DF68A6E005FCB70 /* bn_mp_shrink.c in Sources */ = {isa = PBXBuildFile; fileRef = 6EBB18531DF68A6D005FCB70 /* bn_mp_shrink.c */; };
		6EBB1A141DF68A6E005FCB70 /* bn_mp_signed_bin_size.c in Sources */ = {isa = PBXBuildFile; fileRef = 6EBB18551DF68A6D005FCB70 /* bn_mp_signed_bin_size.c */; };
		6EBB1A161DF68A6E005FCB70 /* bn_mp_sqr.c in Sources */ = {isa = PBXBuildFile; fileRef = 6EBB18571DF68A6D005FCB70 /* bn_mp_sqr.c */; };
		6EBB1A181DF68A6E005FCB70 /* bn_mp_sqrmod.c in Sources */ = {isa = PBXBuildFile; fileRef = 6EBB18591DF68A6D005FCB70 /* bn_mp_sqrmod.c */; };
		6EBB1A1A1DF68A6E005FCB70 /* bn_mp_sqrt.c in Sources */ = {isa = PBXBuildFile; fileRef = 6EBB185B1DF68A6D005FCB70 /* bn_mp_sqrt.c */; };
		6EBB1A1C1DF68A6E005FCB70 /* bn_mp_sub.c in Sources */ = {isa = PBXBuildFile; fileRef = 6EBB185D1DF68A6D005FCB70 /* bn_mp_sub.c */; };
		6EBB1A1E1DF68A6E005FCB70 /* bn_mp_sub_d.c in Sources */ = {isa = PBXBuildFile; fileRef = 6EBB185F1DF68A6D005FCB70 /* bn_mp_sub_d.c */; };
		6EBB1A201DF68A6E005FCB70 /* bn_mp_submod.c in Sources */ = {isa = PBXBuildFile; fileRef = 6EBB18611DF68A6D005FCB70 /* bn_mp_submod.c */; };
		6EBB1A221DF68A6E005FCB70 /* bn_mp_to_signed_bin.c in Sources */ = {isa = PBXBuildFile; fileRef = 6EBB18631DF68A6D005FCB70 /* bn_mp_to_signed_bin.c */; };
		6EBB1A241DF68A6E005FCB70 /* bn_mp_to_signed_bin_n.c in Sources */ = {isa = PBXBuildFile; fileRef = 6EBB18651DF68A6D005FCB70 /* bn_mp_to_signed_bin_n.c */; };
		6EBB1A261DF68A6E005FCB70 /* bn_mp_to_unsigned_bin.c in Sources */ = {isa = PBXBuildFile; fileRef = 6EBB18671DF68A6D005FCB70 /* bn_mp_to_unsigned_bin.c */; };
		6EBB1A281DF68A6E005FCB70 /* bn_mp_to_unsigned_bin_n.c in Sources */ = {isa = PBXBuildFile; fileRef = 6EBB18691DF68A6D005FCB70 /* bn_mp_to_unsigned_bin_n.c */; };
		6EBB1A2A1DF68A6E005FCB70 /* bn_mp_toom_mul.c in Sources */ = {isa = PBXBuildFile; fileRef = 6EBB186B1DF68A6D005FCB70 /* bn_mp_toom_mul.c */; };
		6EBB1A2C1DF68A6E005FCB70 /* bn_mp_toom_sqr.c in Sources */ = {isa = PBXBuildFile; fileRef = 6EBB186D1DF68A6D005FCB70 /* bn_mp_toom_sqr.c */; };
		6EBB1A2E1DF68A6E005FCB70 /* bn_mp_toradix.c in Sources */ = {isa = PBXBuildFile; fileRef = 6EBB186F1DF68A6D005FCB70 /* bn_mp_toradix.c */; };
		6EBB1A301DF68A6E005FCB70 /* bn_mp_toradix_n.c in Sources */ = {isa = PBXBuildFile; fileRef = 6EBB18711DF68A6D005FCB70 /* bn_mp_toradix_n.c */; };
		6EBB1A321DF68A6E005FCB70 /* bn_mp_unsigned_bin_size.c in Sources */ = {isa = PBXBuildFile; fileRef = 6EBB18731DF68A6D005FCB70 /* bn_mp_unsigned_bin_size.c */; };
		6EBB1A341DF68A6E005FCB70 /* bn_mp_xor.c in Sources */ = {isa = PBXBuildFile; fileRef = 6EBB18751DF68A6D005FCB70 /* bn_mp_xor.c */; };
		6EBB1A361DF68A6E005FCB70 /* bn_mp_zero.c in Sources */ = {isa = PBXBuildFile; fileRef = 6EBB18771DF68A6D005FCB70 /* bn_mp_zero.c */; };
		6EBB1A381DF68A6E005FCB70 /* bn_prime_tab.c in Sources */ = {isa = PBXBuildFile; fileRef = 6EBB18791DF68A6E005FCB70 /* bn_prime_tab.c */; };
		6EBB1A3A1DF68A6E005FCB70 /* bn_reverse.c in Sources */ = {isa = PBXBuildFile; fileRef = 6EBB187B1DF68A6E005FCB70 /* bn_reverse.c */; };
		6EBB1A3C1DF68A6E005FCB70 /* bn_s_mp_add.c in Sources */ = {isa = PBXBuildFile; fileRef = 6EBB187D1DF68A6E005FCB70 /* bn_s_mp_add.c */; };
		6EBB1A3E1DF68A6F005FCB70 /* bn_s_mp_exptmod.c in Sources */ = {isa = PBXBuildFile; fileRef = 6EBB187F1DF68A6E005FCB70 /* bn_s_mp_exptmod.c */; };
		6EBB1A401DF68A6F005FCB70 /* bn_s_mp_mul_digs.c in Sources */ = {isa = PBXBuildFile; fileRef = 6EBB18811DF68A6E005FCB70 /* bn_s_mp_mul_digs.c */; };
		6EBB1A421DF68A6F005FCB70 /* bn_s_mp_mul_high_digs.c in Sources */ = {isa = PBXBuildFile; fileRef = 6EBB18831DF68A6E005FCB70 /* bn_s_mp_mul_high_digs.c */; };
		6EBB1A441DF68A6F005FCB70 /* bn_s_mp_sqr.c in Sources */ = {isa = PBXBuildFile; fileRef = 6EBB18851DF68A6E005FCB70 /* bn_s_mp_sqr.c */; };
		6EBB1A461DF68A6F005FCB70 /* bn_s_mp_sub.c in Sources */ = {isa = PBXBuildFile; fileRef = 6EBB18871DF68A6E005FCB70 /* bn_s_mp_sub.c */; };
		6EBB1A481DF68A6F005FCB70 /* bncore.c in Sources */ = {isa = PBXBuildFile; fileRef = 6EBB18891DF68A6E005FCB70 /* bncore.c */; };
		6EBB1A4A1DF68A6F005FCB70 /* callgraph.txt in Resources */ = {isa = PBXBuildFile; fileRef = 6EBB188B1DF68A6E005FCB70 /* callgraph.txt */; };
		6EBB1A4B1DF68A6F005FCB70 /* changes.txt in Resources */ = {isa = PBXBuildFile; fileRef = 6EBB188C1DF68A6E005FCB70 /* changes.txt */; };
		6EBB1A641DF68A6F005FCB70 /* LICENSE in Resources */ = {isa = PBXBuildFile; fileRef = 6EBB18A71DF68A6E005FCB70 /* LICENSE */; };
		6EBB1A731DF68A6F005FCB70 /* makefile in Sources */ = {isa = PBXBuildFile; fileRef = 6EBB18B71DF68A6E005FCB70 /* makefile */; };
		6EBB1A741DF68A6F005FCB70 /* makefile.bcc in Resources */ = {isa = PBXBuildFile; fileRef = 6EBB18B81DF68A6E005FCB70 /* makefile.bcc */; };
		6EBB1A751DF68A6F005FCB70 /* makefile.cygwin_dll in Resources */ = {isa = PBXBuildFile; fileRef = 6EBB18B91DF68A6E005FCB70 /* makefile.cygwin_dll */; };
		6EBB1A761DF68A6F005FCB70 /* makefile.icc in Resources */ = {isa = PBXBuildFile; fileRef = 6EBB18BA1DF68A6E005FCB70 /* makefile.icc */; };
		6EBB1A771DF68A6F005FCB70 /* makefile.msvc in Resources */ = {isa = PBXBuildFile; fileRef = 6EBB18BB1DF68A6E005FCB70 /* makefile.msvc */; };
		6EBB1A781DF68A6F005FCB70 /* makefile.shared in Resources */ = {isa = PBXBuildFile; fileRef = 6EBB18BC1DF68A6E005FCB70 /* makefile.shared */; };
		6EBB1A791DF68A6F005FCB70 /* mess.sh in Resources */ = {isa = PBXBuildFile; fileRef = 6EBB18BD1DF68A6E005FCB70 /* mess.sh */; };
		6EBB1A801DF68A6F005FCB70 /* readme.txt in Resources */ = {isa = PBXBuildFile; fileRef = 6EBB18CF1DF68A6E005FCB70 /* readme.txt */; };
		6EBB1A811DF68A6F005FCB70 /* .cproject in Resources */ = {isa = PBXBuildFile; fileRef = 6EBB18D11DF68A6E005FCB70 /* .cproject */; };
		6EBB1A821DF68A6F005FCB70 /* Android.mk in Resources */ = {isa = PBXBuildFile; fileRef = 6EBB18D21DF68A6E005FCB70 /* Android.mk */; };
		6EBB1A841DF68A6F005FCB70 /* makefile in Sources */ = {isa = PBXBuildFile; fileRef = 6EBB18D51DF68A6E005FCB70 /* makefile */; };
		6EBB1A851DF68A6F005FCB70 /* makefile_so in Resources */ = {isa = PBXBuildFile; fileRef = 6EBB18D61DF68A6E005FCB70 /* makefile_so */; };
		6EBB1A861DF68A6F005FCB70 /* sm2.cpp in Sources */ = {isa = PBXBuildFile; fileRef = 6EBB18D71DF68A6E005FCB70 /* sm2.cpp */; };
		6EBB1A8A1DF68A6F005FCB70 /* sm3.c in Sources */ = {isa = PBXBuildFile; fileRef = 6EBB18DC1DF68A6E005FCB70 /* sm3.c */; };
		6EBB1ACD1DF69A41005FCB70 /* SM2Coded.m in Sources */ = {isa = PBXBuildFile; fileRef = 6EBB1ACC1DF69A41005FCB70 /* SM2Coded.m */; };
		6EBB1AD01DF69D0B005FCB70 /* NSData+HexString.m in Sources */ = {isa = PBXBuildFile; fileRef = 6EBB1ACF1DF69D0B005FCB70 /* NSData+HexString.m */; };
		6ECF52B51DF020BE00CD366C /* main.m in Sources */ = {isa = PBXBuildFile; fileRef = 6ECF52B41DF020BE00CD366C /* main.m */; };
		6ECF52B81DF020BE00CD366C /* AppDelegate.m in Sources */ = {isa = PBXBuildFile; fileRef = 6ECF52B71DF020BE00CD366C /* AppDelegate.m */; };
		6ECF52BB1DF020BE00CD366C /* ViewController.m in Sources */ = {isa = PBXBuildFile; fileRef = 6ECF52BA1DF020BE00CD366C /* ViewController.m */; };
		6ECF52BE1DF020BE00CD366C /* Main.storyboard in Resources */ = {isa = PBXBuildFile; fileRef = 6ECF52BC1DF020BE00CD366C /* Main.storyboard */; };
		6ECF52C01DF020BE00CD366C /* Assets.xcassets in Resources */ = {isa = PBXBuildFile; fileRef = 6ECF52BF1DF020BE00CD366C /* Assets.xcassets */; };
		6ECF52C31DF020BF00CD366C /* LaunchScreen.storyboard in Resources */ = {isa = PBXBuildFile; fileRef = 6ECF52C11DF020BF00CD366C /* LaunchScreen.storyboard */; };
/* End PBXBuildFile section */

/* Begin PBXFileReference section */
		6EBB179D1DF68A6D005FCB70 /* bn_error.c */ = {isa = PBXFileReference; fileEncoding = 4; lastKnownFileType = sourcecode.c.c; path = bn_error.c; sourceTree = "<group>"; };
		6EBB179F1DF68A6D005FCB70 /* bn_fast_mp_invmod.c */ = {isa = PBXFileReference; fileEncoding = 4; lastKnownFileType = sourcecode.c.c; path = bn_fast_mp_invmod.c; sourceTree = "<group>"; };
		6EBB17A11DF68A6D005FCB70 /* bn_fast_mp_montgomery_reduce.c */ = {isa = PBXFileReference; fileEncoding = 4; lastKnownFileType = sourcecode.c.c; path = bn_fast_mp_montgomery_reduce.c; sourceTree = "<group>"; };
		6EBB17A31DF68A6D005FCB70 /* bn_fast_s_mp_mul_digs.c */ = {isa = PBXFileReference; fileEncoding = 4; lastKnownFileType = sourcecode.c.c; path = bn_fast_s_mp_mul_digs.c; sourceTree = "<group>"; };
		6EBB17A51DF68A6D005FCB70 /* bn_fast_s_mp_mul_high_digs.c */ = {isa = PBXFileReference; fileEncoding = 4; lastKnownFileType = sourcecode.c.c; path = bn_fast_s_mp_mul_high_digs.c; sourceTree = "<group>"; };
		6EBB17A71DF68A6D005FCB70 /* bn_fast_s_mp_sqr.c */ = {isa = PBXFileReference; fileEncoding = 4; lastKnownFileType = sourcecode.c.c; path = bn_fast_s_mp_sqr.c; sourceTree = "<group>"; };
		6EBB17A91DF68A6D005FCB70 /* bn_mp_2expt.c */ = {isa = PBXFileReference; fileEncoding = 4; lastKnownFileType = sourcecode.c.c; path = bn_mp_2expt.c; sourceTree = "<group>"; };
		6EBB17AB1DF68A6D005FCB70 /* bn_mp_abs.c */ = {isa = PBXFileReference; fileEncoding = 4; lastKnownFileType = sourcecode.c.c; path = bn_mp_abs.c; sourceTree = "<group>"; };
		6EBB17AD1DF68A6D005FCB70 /* bn_mp_add.c */ = {isa = PBXFileReference; fileEncoding = 4; lastKnownFileType = sourcecode.c.c; path = bn_mp_add.c; sourceTree = "<group>"; };
		6EBB17AF1DF68A6D005FCB70 /* bn_mp_add_d.c */ = {isa = PBXFileReference; fileEncoding = 4; lastKnownFileType = sourcecode.c.c; path = bn_mp_add_d.c; sourceTree = "<group>"; };
		6EBB17B11DF68A6D005FCB70 /* bn_mp_addmod.c */ = {isa = PBXFileReference; fileEncoding = 4; lastKnownFileType = sourcecode.c.c; path = bn_mp_addmod.c; sourceTree = "<group>"; };
		6EBB17B31DF68A6D005FCB70 /* bn_mp_and.c */ = {isa = PBXFileReference; fileEncoding = 4; lastKnownFileType = sourcecode.c.c; path = bn_mp_and.c; sourceTree = "<group>"; };
		6EBB17B51DF68A6D005FCB70 /* bn_mp_clamp.c */ = {isa = PBXFileReference; fileEncoding = 4; lastKnownFileType = sourcecode.c.c; path = bn_mp_clamp.c; sourceTree = "<group>"; };
		6EBB17B71DF68A6D005FCB70 /* bn_mp_clear.c */ = {isa = PBXFileReference; fileEncoding = 4; lastKnownFileType = sourcecode.c.c; path = bn_mp_clear.c; sourceTree = "<group>"; };
		6EBB17B91DF68A6D005FCB70 /* bn_mp_clear_multi.c */ = {isa = PBXFileReference; fileEncoding = 4; lastKnownFileType = sourcecode.c.c; path = bn_mp_clear_multi.c; sourceTree = "<group>"; };
		6EBB17BB1DF68A6D005FCB70 /* bn_mp_cmp.c */ = {isa = PBXFileReference; fileEncoding = 4; lastKnownFileType = sourcecode.c.c; path = bn_mp_cmp.c; sourceTree = "<group>"; };
		6EBB17BD1DF68A6D005FCB70 /* bn_mp_cmp_d.c */ = {isa = PBXFileReference; fileEncoding = 4; lastKnownFileType = sourcecode.c.c; path = bn_mp_cmp_d.c; sourceTree = "<group>"; };
		6EBB17BF1DF68A6D005FCB70 /* bn_mp_cmp_mag.c */ = {isa = PBXFileReference; fileEncoding = 4; lastKnownFileType = sourcecode.c.c; path = bn_mp_cmp_mag.c; sourceTree = "<group>"; };
		6EBB17C11DF68A6D005FCB70 /* bn_mp_cnt_lsb.c */ = {isa = PBXFileReference; fileEncoding = 4; lastKnownFileType = sourcecode.c.c; path = bn_mp_cnt_lsb.c; sourceTree = "<group>"; };
		6EBB17C31DF68A6D005FCB70 /* bn_mp_copy.c */ = {isa = PBXFileReference; fileEncoding = 4; lastKnownFileType = sourcecode.c.c; path = bn_mp_copy.c; sourceTree = "<group>"; };
		6EBB17C51DF68A6D005FCB70 /* bn_mp_count_bits.c */ = {isa = PBXFileReference; fileEncoding = 4; lastKnownFileType = sourcecode.c.c; path = bn_mp_count_bits.c; sourceTree = "<group>"; };
		6EBB17C71DF68A6D005FCB70 /* bn_mp_div.c */ = {isa = PBXFileReference; fileEncoding = 4; lastKnownFileType = sourcecode.c.c; path = bn_mp_div.c; sourceTree = "<group>"; };
		6EBB17C91DF68A6D005FCB70 /* bn_mp_div_2.c */ = {isa = PBXFileReference; fileEncoding = 4; lastKnownFileType = sourcecode.c.c; path = bn_mp_div_2.c; sourceTree = "<group>"; };
		6EBB17CB1DF68A6D005FCB70 /* bn_mp_div_2d.c */ = {isa = PBXFileReference; fileEncoding = 4; lastKnownFileType = sourcecode.c.c; path = bn_mp_div_2d.c; sourceTree = "<group>"; };
		6EBB17CD1DF68A6D005FCB70 /* bn_mp_div_3.c */ = {isa = PBXFileReference; fileEncoding = 4; lastKnownFileType = sourcecode.c.c; path = bn_mp_div_3.c; sourceTree = "<group>"; };
		6EBB17CF1DF68A6D005FCB70 /* bn_mp_div_d.c */ = {isa = PBXFileReference; fileEncoding = 4; lastKnownFileType = sourcecode.c.c; path = bn_mp_div_d.c; sourceTree = "<group>"; };
		6EBB17D11DF68A6D005FCB70 /* bn_mp_dr_is_modulus.c */ = {isa = PBXFileReference; fileEncoding = 4; lastKnownFileType = sourcecode.c.c; path = bn_mp_dr_is_modulus.c; sourceTree = "<group>"; };
		6EBB17D31DF68A6D005FCB70 /* bn_mp_dr_reduce.c */ = {isa = PBXFileReference; fileEncoding = 4; lastKnownFileType = sourcecode.c.c; path = bn_mp_dr_reduce.c; sourceTree = "<group>"; };
		6EBB17D51DF68A6D005FCB70 /* bn_mp_dr_setup.c */ = {isa = PBXFileReference; fileEncoding = 4; lastKnownFileType = sourcecode.c.c; path = bn_mp_dr_setup.c; sourceTree = "<group>"; };
		6EBB17D71DF68A6D005FCB70 /* bn_mp_exch.c */ = {isa = PBXFileReference; fileEncoding = 4; lastKnownFileType = sourcecode.c.c; path = bn_mp_exch.c; sourceTree = "<group>"; };
		6EBB17D91DF68A6D005FCB70 /* bn_mp_expt_d.c */ = {isa = PBXFileReference; fileEncoding = 4; lastKnownFileType = sourcecode.c.c; path = bn_mp_expt_d.c; sourceTree = "<group>"; };
		6EBB17DB1DF68A6D005FCB70 /* bn_mp_exptmod.c */ = {isa = PBXFileReference; fileEncoding = 4; lastKnownFileType = sourcecode.c.c; path = bn_mp_exptmod.c; sourceTree = "<group>"; };
		6EBB17DD1DF68A6D005FCB70 /* bn_mp_exptmod_fast.c */ = {isa = PBXFileReference; fileEncoding = 4; lastKnownFileType = sourcecode.c.c; path = bn_mp_exptmod_fast.c; sourceTree = "<group>"; };
		6EBB17DF1DF68A6D005FCB70 /* bn_mp_exteuclid.c */ = {isa = PBXFileReference; fileEncoding = 4; lastKnownFileType = sourcecode.c.c; path = bn_mp_exteuclid.c; sourceTree = "<group>"; };
		6EBB17E11DF68A6D005FCB70 /* bn_mp_fread.c */ = {isa = PBXFileReference; fileEncoding = 4; lastKnownFileType = sourcecode.c.c; path = bn_mp_fread.c; sourceTree = "<group>"; };
		6EBB17E31DF68A6D005FCB70 /* bn_mp_fwrite.c */ = {isa = PBXFileReference; fileEncoding = 4; lastKnownFileType = sourcecode.c.c; path = bn_mp_fwrite.c; sourceTree = "<group>"; };
		6EBB17E51DF68A6D005FCB70 /* bn_mp_gcd.c */ = {isa = PBXFileReference; fileEncoding = 4; lastKnownFileType = sourcecode.c.c; path = bn_mp_gcd.c; sourceTree = "<group>"; };
		6EBB17E71DF68A6D005FCB70 /* bn_mp_get_int.c */ = {isa = PBXFileReference; fileEncoding = 4; lastKnownFileType = sourcecode.c.c; path = bn_mp_get_int.c; sourceTree = "<group>"; };
		6EBB17E91DF68A6D005FCB70 /* bn_mp_grow.c */ = {isa = PBXFileReference; fileEncoding = 4; lastKnownFileType = sourcecode.c.c; path = bn_mp_grow.c; sourceTree = "<group>"; };
		6EBB17EB1DF68A6D005FCB70 /* bn_mp_init.c */ = {isa = PBXFileReference; fileEncoding = 4; lastKnownFileType = sourcecode.c.c; path = bn_mp_init.c; sourceTree = "<group>"; };
		6EBB17ED1DF68A6D005FCB70 /* bn_mp_init_copy.c */ = {isa = PBXFileReference; fileEncoding = 4; lastKnownFileType = sourcecode.c.c; path = bn_mp_init_copy.c; sourceTree = "<group>"; };
		6EBB17EF1DF68A6D005FCB70 /* bn_mp_init_multi.c */ = {isa = PBXFileReference; fileEncoding = 4; lastKnownFileType = sourcecode.c.c; path = bn_mp_init_multi.c; sourceTree = "<group>"; };
		6EBB17F11DF68A6D005FCB70 /* bn_mp_init_set.c */ = {isa = PBXFileReference; fileEncoding = 4; lastKnownFileType = sourcecode.c.c; path = bn_mp_init_set.c; sourceTree = "<group>"; };
		6EBB17F31DF68A6D005FCB70 /* bn_mp_init_set_int.c */ = {isa = PBXFileReference; fileEncoding = 4; lastKnownFileType = sourcecode.c.c; path = bn_mp_init_set_int.c; sourceTree = "<group>"; };
		6EBB17F51DF68A6D005FCB70 /* bn_mp_init_size.c */ = {isa = PBXFileReference; fileEncoding = 4; lastKnownFileType = sourcecode.c.c; path = bn_mp_init_size.c; sourceTree = "<group>"; };
		6EBB17F71DF68A6D005FCB70 /* bn_mp_invmod.c */ = {isa = PBXFileReference; fileEncoding = 4; lastKnownFileType = sourcecode.c.c; path = bn_mp_invmod.c; sourceTree = "<group>"; };
		6EBB17F91DF68A6D005FCB70 /* bn_mp_invmod_slow.c */ = {isa = PBXFileReference; fileEncoding = 4; lastKnownFileType = sourcecode.c.c; path = bn_mp_invmod_slow.c; sourceTree = "<group>"; };
		6EBB17FB1DF68A6D005FCB70 /* bn_mp_is_square.c */ = {isa = PBXFileReference; fileEncoding = 4; lastKnownFileType = sourcecode.c.c; path = bn_mp_is_square.c; sourceTree = "<group>"; };
		6EBB17FD1DF68A6D005FCB70 /* bn_mp_jacobi.c */ = {isa = PBXFileReference; fileEncoding = 4; lastKnownFileType = sourcecode.c.c; path = bn_mp_jacobi.c; sourceTree = "<group>"; };
		6EBB17FF1DF68A6D005FCB70 /* bn_mp_karatsuba_mul.c */ = {isa = PBXFileReference; fileEncoding = 4; lastKnownFileType = sourcecode.c.c; path = bn_mp_karatsuba_mul.c; sourceTree = "<group>"; };
		6EBB18011DF68A6D005FCB70 /* bn_mp_karatsuba_sqr.c */ = {isa = PBXFileReference; fileEncoding = 4; lastKnownFileType = sourcecode.c.c; path = bn_mp_karatsuba_sqr.c; sourceTree = "<group>"; };
		6EBB18031DF68A6D005FCB70 /* bn_mp_lcm.c */ = {isa = PBXFileReference; fileEncoding = 4; lastKnownFileType = sourcecode.c.c; path = bn_mp_lcm.c; sourceTree = "<group>"; };
		6EBB18051DF68A6D005FCB70 /* bn_mp_lshd.c */ = {isa = PBXFileReference; fileEncoding = 4; lastKnownFileType = sourcecode.c.c; path = bn_mp_lshd.c; sourceTree = "<group>"; };
		6EBB18071DF68A6D005FCB70 /* bn_mp_mod.c */ = {isa = PBXFileReference; fileEncoding = 4; lastKnownFileType = sourcecode.c.c; path = bn_mp_mod.c; sourceTree = "<group>"; };
		6EBB18091DF68A6D005FCB70 /* bn_mp_mod_2d.c */ = {isa = PBXFileReference; fileEncoding = 4; lastKnownFileType = sourcecode.c.c; path = bn_mp_mod_2d.c; sourceTree = "<group>"; };
		6EBB180B1DF68A6D005FCB70 /* bn_mp_mod_d.c */ = {isa = PBXFileReference; fileEncoding = 4; lastKnownFileType = sourcecode.c.c; path = bn_mp_mod_d.c; sourceTree = "<group>"; };
		6EBB180D1DF68A6D005FCB70 /* bn_mp_montgomery_calc_normalization.c */ = {isa = PBXFileReference; fileEncoding = 4; lastKnownFileType = sourcecode.c.c; path = bn_mp_montgomery_calc_normalization.c; sourceTree = "<group>"; };
		6EBB180F1DF68A6D005FCB70 /* bn_mp_montgomery_reduce.c */ = {isa = PBXFileReference; fileEncoding = 4; lastKnownFileType = sourcecode.c.c; path = bn_mp_montgomery_reduce.c; sourceTree = "<group>"; };
		6EBB18111DF68A6D005FCB70 /* bn_mp_montgomery_setup.c */ = {isa = PBXFileReference; fileEncoding = 4; lastKnownFileType = sourcecode.c.c; path = bn_mp_montgomery_setup.c; sourceTree = "<group>"; };
		6EBB18131DF68A6D005FCB70 /* bn_mp_mul.c */ = {isa = PBXFileReference; fileEncoding = 4; lastKnownFileType = sourcecode.c.c; path = bn_mp_mul.c; sourceTree = "<group>"; };
		6EBB18151DF68A6D005FCB70 /* bn_mp_mul_2.c */ = {isa = PBXFileReference; fileEncoding = 4; lastKnownFileType = sourcecode.c.c; path = bn_mp_mul_2.c; sourceTree = "<group>"; };
		6EBB18171DF68A6D005FCB70 /* bn_mp_mul_2d.c */ = {isa = PBXFileReference; fileEncoding = 4; lastKnownFileType = sourcecode.c.c; path = bn_mp_mul_2d.c; sourceTree = "<group>"; };
		6EBB18191DF68A6D005FCB70 /* bn_mp_mul_d.c */ = {isa = PBXFileReference; fileEncoding = 4; lastKnownFileType = sourcecode.c.c; path = bn_mp_mul_d.c; sourceTree = "<group>"; };
		6EBB181B1DF68A6D005FCB70 /* bn_mp_mulmod.c */ = {isa = PBXFileReference; fileEncoding = 4; lastKnownFileType = sourcecode.c.c; path = bn_mp_mulmod.c; sourceTree = "<group>"; };
		6EBB181D1DF68A6D005FCB70 /* bn_mp_n_root.c */ = {isa = PBXFileReference; fileEncoding = 4; lastKnownFileType = sourcecode.c.c; path = bn_mp_n_root.c; sourceTree = "<group>"; };
		6EBB181F1DF68A6D005FCB70 /* bn_mp_neg.c */ = {isa = PBXFileReference; fileEncoding = 4; lastKnownFileType = sourcecode.c.c; path = bn_mp_neg.c; sourceTree = "<group>"; };
		6EBB18211DF68A6D005FCB70 /* bn_mp_or.c */ = {isa = PBXFileReference; fileEncoding = 4; lastKnownFileType = sourcecode.c.c; path = bn_mp_or.c; sourceTree = "<group>"; };
		6EBB18231DF68A6D005FCB70 /* bn_mp_prime_fermat.c */ = {isa = PBXFileReference; fileEncoding = 4; lastKnownFileType = sourcecode.c.c; path = bn_mp_prime_fermat.c; sourceTree = "<group>"; };
		6EBB18251DF68A6D005FCB70 /* bn_mp_prime_is_divisible.c */ = {isa = PBXFileReference; fileEncoding = 4; lastKnownFileType = sourcecode.c.c; path = bn_mp_prime_is_divisible.c; sourceTree = "<group>"; };
		6EBB18271DF68A6D005FCB70 /* bn_mp_prime_is_prime.c */ = {isa = PBXFileReference; fileEncoding = 4; lastKnownFileType = sourcecode.c.c; path = bn_mp_prime_is_prime.c; sourceTree = "<group>"; };
		6EBB18291DF68A6D005FCB70 /* bn_mp_prime_miller_rabin.c */ = {isa = PBXFileReference; fileEncoding = 4; lastKnownFileType = sourcecode.c.c; path = bn_mp_prime_miller_rabin.c; sourceTree = "<group>"; };
		6EBB182B1DF68A6D005FCB70 /* bn_mp_prime_next_prime.c */ = {isa = PBXFileReference; fileEncoding = 4; lastKnownFileType = sourcecode.c.c; path = bn_mp_prime_next_prime.c; sourceTree = "<group>"; };
		6EBB182D1DF68A6D005FCB70 /* bn_mp_prime_rabin_miller_trials.c */ = {isa = PBXFileReference; fileEncoding = 4; lastKnownFileType = sourcecode.c.c; path = bn_mp_prime_rabin_miller_trials.c; sourceTree = "<group>"; };
		6EBB182F1DF68A6D005FCB70 /* bn_mp_prime_random_ex.c */ = {isa = PBXFileReference; fileEncoding = 4; lastKnownFileType = sourcecode.c.c; path = bn_mp_prime_random_ex.c; sourceTree = "<group>"; };
		6EBB18311DF68A6D005FCB70 /* bn_mp_radix_size.c */ = {isa = PBXFileReference; fileEncoding = 4; lastKnownFileType = sourcecode.c.c; path = bn_mp_radix_size.c; sourceTree = "<group>"; };
		6EBB18331DF68A6D005FCB70 /* bn_mp_radix_smap.c */ = {isa = PBXFileReference; fileEncoding = 4; lastKnownFileType = sourcecode.c.c; path = bn_mp_radix_smap.c; sourceTree = "<group>"; };
		6EBB18351DF68A6D005FCB70 /* bn_mp_rand.c */ = {isa = PBXFileReference; fileEncoding = 4; lastKnownFileType = sourcecode.c.c; path = bn_mp_rand.c; sourceTree = "<group>"; };
		6EBB18371DF68A6D005FCB70 /* bn_mp_read_radix.c */ = {isa = PBXFileReference; fileEncoding = 4; lastKnownFileType = sourcecode.c.c; path = bn_mp_read_radix.c; sourceTree = "<group>"; };
		6EBB18391DF68A6D005FCB70 /* bn_mp_read_signed_bin.c */ = {isa = PBXFileReference; fileEncoding = 4; lastKnownFileType = sourcecode.c.c; path = bn_mp_read_signed_bin.c; sourceTree = "<group>"; };
		6EBB183B1DF68A6D005FCB70 /* bn_mp_read_unsigned_bin.c */ = {isa = PBXFileReference; fileEncoding = 4; lastKnownFileType = sourcecode.c.c; path = bn_mp_read_unsigned_bin.c; sourceTree = "<group>"; };
		6EBB183D1DF68A6D005FCB70 /* bn_mp_reduce.c */ = {isa = PBXFileReference; fileEncoding = 4; lastKnownFileType = sourcecode.c.c; path = bn_mp_reduce.c; sourceTree = "<group>"; };
		6EBB183F1DF68A6D005FCB70 /* bn_mp_reduce_2k.c */ = {isa = PBXFileReference; fileEncoding = 4; lastKnownFileType = sourcecode.c.c; path = bn_mp_reduce_2k.c; sourceTree = "<group>"; };
		6EBB18411DF68A6D005FCB70 /* bn_mp_reduce_2k_l.c */ = {isa = PBXFileReference; fileEncoding = 4; lastKnownFileType = sourcecode.c.c; path = bn_mp_reduce_2k_l.c; sourceTree = "<group>"; };
		6EBB18431DF68A6D005FCB70 /* bn_mp_reduce_2k_setup.c */ = {isa = PBXFileReference; fileEncoding = 4; lastKnownFileType = sourcecode.c.c; path = bn_mp_reduce_2k_setup.c; sourceTree = "<group>"; };
		6EBB18451DF68A6D005FCB70 /* bn_mp_reduce_2k_setup_l.c */ = {isa = PBXFileReference; fileEncoding = 4; lastKnownFileType = sourcecode.c.c; path = bn_mp_reduce_2k_setup_l.c; sourceTree = "<group>"; };
		6EBB18471DF68A6D005FCB70 /* bn_mp_reduce_is_2k.c */ = {isa = PBXFileReference; fileEncoding = 4; lastKnownFileType = sourcecode.c.c; path = bn_mp_reduce_is_2k.c; sourceTree = "<group>"; };
		6EBB18491DF68A6D005FCB70 /* bn_mp_reduce_is_2k_l.c */ = {isa = PBXFileReference; fileEncoding = 4; lastKnownFileType = sourcecode.c.c; path = bn_mp_reduce_is_2k_l.c; sourceTree = "<group>"; };
		6EBB184B1DF68A6D005FCB70 /* bn_mp_reduce_setup.c */ = {isa = PBXFileReference; fileEncoding = 4; lastKnownFileType = sourcecode.c.c; path = bn_mp_reduce_setup.c; sourceTree = "<group>"; };
		6EBB184D1DF68A6D005FCB70 /* bn_mp_rshd.c */ = {isa = PBXFileReference; fileEncoding = 4; lastKnownFileType = sourcecode.c.c; path = bn_mp_rshd.c; sourceTree = "<group>"; };
		6EBB184F1DF68A6D005FCB70 /* bn_mp_set.c */ = {isa = PBXFileReference; fileEncoding = 4; lastKnownFileType = sourcecode.c.c; path = bn_mp_set.c; sourceTree = "<group>"; };
		6EBB18511DF68A6D005FCB70 /* bn_mp_set_int.c */ = {isa = PBXFileReference; fileEncoding = 4; lastKnownFileType = sourcecode.c.c; path = bn_mp_set_int.c; sourceTree = "<group>"; };
		6EBB18531DF68A6D005FCB70 /* bn_mp_shrink.c */ = {isa = PBXFileReference; fileEncoding = 4; lastKnownFileType = sourcecode.c.c; path = bn_mp_shrink.c; sourceTree = "<group>"; };
		6EBB18551DF68A6D005FCB70 /* bn_mp_signed_bin_size.c */ = {isa = PBXFileReference; fileEncoding = 4; lastKnownFileType = sourcecode.c.c; path = bn_mp_signed_bin_size.c; sourceTree = "<group>"; };
		6EBB18571DF68A6D005FCB70 /* bn_mp_sqr.c */ = {isa = PBXFileReference; fileEncoding = 4; lastKnownFileType = sourcecode.c.c; path = bn_mp_sqr.c; sourceTree = "<group>"; };
		6EBB18591DF68A6D005FCB70 /* bn_mp_sqrmod.c */ = {isa = PBXFileReference; fileEncoding = 4; lastKnownFileType = sourcecode.c.c; path = bn_mp_sqrmod.c; sourceTree = "<group>"; };
		6EBB185B1DF68A6D005FCB70 /* bn_mp_sqrt.c */ = {isa = PBXFileReference; fileEncoding = 4; lastKnownFileType = sourcecode.c.c; path = bn_mp_sqrt.c; sourceTree = "<group>"; };
		6EBB185D1DF68A6D005FCB70 /* bn_mp_sub.c */ = {isa = PBXFileReference; fileEncoding = 4; lastKnownFileType = sourcecode.c.c; path = bn_mp_sub.c; sourceTree = "<group>"; };
		6EBB185F1DF68A6D005FCB70 /* bn_mp_sub_d.c */ = {isa = PBXFileReference; fileEncoding = 4; lastKnownFileType = sourcecode.c.c; path = bn_mp_sub_d.c; sourceTree = "<group>"; };
		6EBB18611DF68A6D005FCB70 /* bn_mp_submod.c */ = {isa = PBXFileReference; fileEncoding = 4; lastKnownFileType = sourcecode.c.c; path = bn_mp_submod.c; sourceTree = "<group>"; };
		6EBB18631DF68A6D005FCB70 /* bn_mp_to_signed_bin.c */ = {isa = PBXFileReference; fileEncoding = 4; lastKnownFileType = sourcecode.c.c; path = bn_mp_to_signed_bin.c; sourceTree = "<group>"; };
		6EBB18651DF68A6D005FCB70 /* bn_mp_to_signed_bin_n.c */ = {isa = PBXFileReference; fileEncoding = 4; lastKnownFileType = sourcecode.c.c; path = bn_mp_to_signed_bin_n.c; sourceTree = "<group>"; };
		6EBB18671DF68A6D005FCB70 /* bn_mp_to_unsigned_bin.c */ = {isa = PBXFileReference; fileEncoding = 4; lastKnownFileType = sourcecode.c.c; path = bn_mp_to_unsigned_bin.c; sourceTree = "<group>"; };
		6EBB18691DF68A6D005FCB70 /* bn_mp_to_unsigned_bin_n.c */ = {isa = PBXFileReference; fileEncoding = 4; lastKnownFileType = sourcecode.c.c; path = bn_mp_to_unsigned_bin_n.c; sourceTree = "<group>"; };
		6EBB186B1DF68A6D005FCB70 /* bn_mp_toom_mul.c */ = {isa = PBXFileReference; fileEncoding = 4; lastKnownFileType = sourcecode.c.c; path = bn_mp_toom_mul.c; sourceTree = "<group>"; };
		6EBB186D1DF68A6D005FCB70 /* bn_mp_toom_sqr.c */ = {isa = PBXFileReference; fileEncoding = 4; lastKnownFileType = sourcecode.c.c; path = bn_mp_toom_sqr.c; sourceTree = "<group>"; };
		6EBB186F1DF68A6D005FCB70 /* bn_mp_toradix.c */ = {isa = PBXFileReference; fileEncoding = 4; lastKnownFileType = sourcecode.c.c; path = bn_mp_toradix.c; sourceTree = "<group>"; };
		6EBB18711DF68A6D005FCB70 /* bn_mp_toradix_n.c */ = {isa = PBXFileReference; fileEncoding = 4; lastKnownFileType = sourcecode.c.c; path = bn_mp_toradix_n.c; sourceTree = "<group>"; };
		6EBB18731DF68A6D005FCB70 /* bn_mp_unsigned_bin_size.c */ = {isa = PBXFileReference; fileEncoding = 4; lastKnownFileType = sourcecode.c.c; path = bn_mp_unsigned_bin_size.c; sourceTree = "<group>"; };
		6EBB18751DF68A6D005FCB70 /* bn_mp_xor.c */ = {isa = PBXFileReference; fileEncoding = 4; lastKnownFileType = sourcecode.c.c; path = bn_mp_xor.c; sourceTree = "<group>"; };
		6EBB18771DF68A6D005FCB70 /* bn_mp_zero.c */ = {isa = PBXFileReference; fileEncoding = 4; lastKnownFileType = sourcecode.c.c; path = bn_mp_zero.c; sourceTree = "<group>"; };
		6EBB18791DF68A6E005FCB70 /* bn_prime_tab.c */ = {isa = PBXFileReference; fileEncoding = 4; lastKnownFileType = sourcecode.c.c; path = bn_prime_tab.c; sourceTree = "<group>"; };
		6EBB187B1DF68A6E005FCB70 /* bn_reverse.c */ = {isa = PBXFileReference; fileEncoding = 4; lastKnownFileType = sourcecode.c.c; path = bn_reverse.c; sourceTree = "<group>"; };
		6EBB187D1DF68A6E005FCB70 /* bn_s_mp_add.c */ = {isa = PBXFileReference; fileEncoding = 4; lastKnownFileType = sourcecode.c.c; path = bn_s_mp_add.c; sourceTree = "<group>"; };
		6EBB187F1DF68A6E005FCB70 /* bn_s_mp_exptmod.c */ = {isa = PBXFileReference; fileEncoding = 4; lastKnownFileType = sourcecode.c.c; path = bn_s_mp_exptmod.c; sourceTree = "<group>"; };
		6EBB18811DF68A6E005FCB70 /* bn_s_mp_mul_digs.c */ = {isa = PBXFileReference; fileEncoding = 4; lastKnownFileType = sourcecode.c.c; path = bn_s_mp_mul_digs.c; sourceTree = "<group>"; };
		6EBB18831DF68A6E005FCB70 /* bn_s_mp_mul_high_digs.c */ = {isa = PBXFileReference; fileEncoding = 4; lastKnownFileType = sourcecode.c.c; path = bn_s_mp_mul_high_digs.c; sourceTree = "<group>"; };
		6EBB18851DF68A6E005FCB70 /* bn_s_mp_sqr.c */ = {isa = PBXFileReference; fileEncoding = 4; lastKnownFileType = sourcecode.c.c; path = bn_s_mp_sqr.c; sourceTree = "<group>"; };
		6EBB18871DF68A6E005FCB70 /* bn_s_mp_sub.c */ = {isa = PBXFileReference; fileEncoding = 4; lastKnownFileType = sourcecode.c.c; path = bn_s_mp_sub.c; sourceTree = "<group>"; };
		6EBB18891DF68A6E005FCB70 /* bncore.c */ = {isa = PBXFileReference; fileEncoding = 4; lastKnownFileType = sourcecode.c.c; path = bncore.c; sourceTree = "<group>"; };
		6EBB188B1DF68A6E005FCB70 /* callgraph.txt */ = {isa = PBXFileReference; fileEncoding = 4; lastKnownFileType = text; path = callgraph.txt; sourceTree = "<group>"; };
		6EBB188C1DF68A6E005FCB70 /* changes.txt */ = {isa = PBXFileReference; fileEncoding = 4; lastKnownFileType = text; path = changes.txt; sourceTree = "<group>"; };
		6EBB18A71DF68A6E005FCB70 /* LICENSE */ = {isa = PBXFileReference; fileEncoding = 4; lastKnownFileType = text; path = LICENSE; sourceTree = "<group>"; };
		6EBB18B71DF68A6E005FCB70 /* makefile */ = {isa = PBXFileReference; fileEncoding = 4; lastKnownFileType = sourcecode.make; path = makefile; sourceTree = "<group>"; };
		6EBB18B81DF68A6E005FCB70 /* makefile.bcc */ = {isa = PBXFileReference; fileEncoding = 4; lastKnownFileType = text; path = makefile.bcc; sourceTree = "<group>"; };
		6EBB18B91DF68A6E005FCB70 /* makefile.cygwin_dll */ = {isa = PBXFileReference; fileEncoding = 4; lastKnownFileType = text; path = makefile.cygwin_dll; sourceTree = "<group>"; };
		6EBB18BA1DF68A6E005FCB70 /* makefile.icc */ = {isa = PBXFileReference; fileEncoding = 4; lastKnownFileType = text; path = makefile.icc; sourceTree = "<group>"; };
		6EBB18BB1DF68A6E005FCB70 /* makefile.msvc */ = {isa = PBXFileReference; fileEncoding = 4; lastKnownFileType = text; path = makefile.msvc; sourceTree = "<group>"; };
		6EBB18BC1DF68A6E005FCB70 /* makefile.shared */ = {isa = PBXFileReference; fileEncoding = 4; lastKnownFileType = text; path = makefile.shared; sourceTree = "<group>"; };
		6EBB18BD1DF68A6E005FCB70 /* mess.sh */ = {isa = PBXFileReference; fileEncoding = 4; lastKnownFileType = text.script.sh; path = mess.sh; sourceTree = "<group>"; };
		6EBB18CC1DF68A6E005FCB70 /* tommath.h */ = {isa = PBXFileReference; fileEncoding = 4; lastKnownFileType = sourcecode.c.h; path = tommath.h; sourceTree = "<group>"; };
		6EBB18CD1DF68A6E005FCB70 /* tommath_class.h */ = {isa = PBXFileReference; fileEncoding = 4; lastKnownFileType = sourcecode.c.h; path = tommath_class.h; sourceTree = "<group>"; };
		6EBB18CE1DF68A6E005FCB70 /* tommath_superclass.h */ = {isa = PBXFileReference; fileEncoding = 4; lastKnownFileType = sourcecode.c.h; path = tommath_superclass.h; sourceTree = "<group>"; };
		6EBB18CF1DF68A6E005FCB70 /* readme.txt */ = {isa = PBXFileReference; fileEncoding = 4; lastKnownFileType = text; path = readme.txt; sourceTree = "<group>"; };
		6EBB18D11DF68A6E005FCB70 /* .cproject */ = {isa = PBXFileReference; fileEncoding = 4; lastKnownFileType = text.xml; path = .cproject; sourceTree = "<group>"; };
		6EBB18D21DF68A6E005FCB70 /* Android.mk */ = {isa = PBXFileReference; fileEncoding = 4; lastKnownFileType = text; path = Android.mk; sourceTree = "<group>"; };
		6EBB18D31DF68A6E005FCB70 /* GM_define.h */ = {isa = PBXFileReference; fileEncoding = 4; lastKnownFileType = sourcecode.c.h; path = GM_define.h; sourceTree = "<group>"; };
		6EBB18D51DF68A6E005FCB70 /* makefile */ = {isa = PBXFileReference; fileEncoding = 4; lastKnownFileType = sourcecode.make; path = makefile; sourceTree = "<group>"; };
		6EBB18D61DF68A6E005FCB70 /* makefile_so */ = {isa = PBXFileReference; fileEncoding = 4; lastKnownFileType = text; path = makefile_so; sourceTree = "<group>"; };
		6EBB18D71DF68A6E005FCB70 /* sm2.cpp */ = {isa = PBXFileReference; fileEncoding = 4; lastKnownFileType = sourcecode.cpp.cpp; path = sm2.cpp; sourceTree = "<group>"; };
		6EBB18D81DF68A6E005FCB70 /* sm2.h */ = {isa = PBXFileReference; fileEncoding = 4; lastKnownFileType = sourcecode.c.h; path = sm2.h; sourceTree = "<group>"; };
		6EBB18DC1DF68A6E005FCB70 /* sm3.c */ = {isa = PBXFileReference; fileEncoding = 4; lastKnownFileType = sourcecode.c.c; path = sm3.c; sourceTree = "<group>"; };
		6EBB18DD1DF68A6E005FCB70 /* sm3.h */ = {isa = PBXFileReference; fileEncoding = 4; lastKnownFileType = sourcecode.c.h; path = sm3.h; sourceTree = "<group>"; };
		6EBB18DF1DF68A6E005FCB70 /* tommath.h */ = {isa = PBXFileReference; fileEncoding = 4; lastKnownFileType = sourcecode.c.h; path = tommath.h; sourceTree = "<group>"; };
		6EBB18E01DF68A6E005FCB70 /* tommath_class.h */ = {isa = PBXFileReference; fileEncoding = 4; lastKnownFileType = sourcecode.c.h; path = tommath_class.h; sourceTree = "<group>"; };
		6EBB18E11DF68A6E005FCB70 /* tommath_superclass.h */ = {isa = PBXFileReference; fileEncoding = 4; lastKnownFileType = sourcecode.c.h; path = tommath_superclass.h; sourceTree = "<group>"; };
		6EBB1ACB1DF69A41005FCB70 /* SM2Coded.h */ = {isa = PBXFileReference; fileEncoding = 4; lastKnownFileType = sourcecode.c.h; path = SM2Coded.h; sourceTree = "<group>"; };
		6EBB1ACC1DF69A41005FCB70 /* SM2Coded.m */ = {isa = PBXFileReference; fileEncoding = 4; lastKnownFileType = sourcecode.c.objc; path = SM2Coded.m; sourceTree = "<group>"; };
		6EBB1ACE1DF69D0B005FCB70 /* NSData+HexString.h */ = {isa = PBXFileReference; fileEncoding = 4; lastKnownFileType = sourcecode.c.h; path = "NSData+HexString.h"; sourceTree = "<group>"; };
		6EBB1ACF1DF69D0B005FCB70 /* NSData+HexString.m */ = {isa = PBXFileReference; fileEncoding = 4; lastKnownFileType = sourcecode.c.objc; path = "NSData+HexString.m"; sourceTree = "<group>"; };
		6ECF52B01DF020BE00CD366C /* SM2Simple.app */ = {isa = PBXFileReference; explicitFileType = wrapper.application; includeInIndex = 0; path = SM2Simple.app; sourceTree = BUILT_PRODUCTS_DIR; };
		6ECF52B41DF020BE00CD366C /* main.m */ = {isa = PBXFileReference; lastKnownFileType = sourcecode.c.objc; path = main.m; sourceTree = "<group>"; };
		6ECF52B61DF020BE00CD366C /* AppDelegate.h */ = {isa = PBXFileReference; lastKnownFileType = sourcecode.c.h; path = AppDelegate.h; sourceTree = "<group>"; };
		6ECF52B71DF020BE00CD366C /* AppDelegate.m */ = {isa = PBXFileReference; lastKnownFileType = sourcecode.c.objc; path = AppDelegate.m; sourceTree = "<group>"; };
		6ECF52B91DF020BE00CD366C /* ViewController.h */ = {isa = PBXFileReference; lastKnownFileType = sourcecode.c.h; path = ViewController.h; sourceTree = "<group>"; };
		6ECF52BA1DF020BE00CD366C /* ViewController.m */ = {isa = PBXFileReference; lastKnownFileType = sourcecode.c.objc; path = ViewController.m; sourceTree = "<group>"; };
		6ECF52BD1DF020BE00CD366C /* Base */ = {isa = PBXFileReference; lastKnownFileType = file.storyboard; name = Base; path = Base.lproj/Main.storyboard; sourceTree = "<group>"; };
		6ECF52BF1DF020BE00CD366C /* Assets.xcassets */ = {isa = PBXFileReference; lastKnownFileType = folder.assetcatalog; path = Assets.xcassets; sourceTree = "<group>"; };
		6ECF52C21DF020BF00CD366C /* Base */ = {isa = PBXFileReference; lastKnownFileType = file.storyboard; name = Base; path = Base.lproj/LaunchScreen.storyboard; sourceTree = "<group>"; };
		6ECF52C41DF020BF00CD366C /* Info.plist */ = {isa = PBXFileReference; lastKnownFileType = text.plist.xml; path = Info.plist; sourceTree = "<group>"; };
		6ECF52DC1DF0215100CD366C /* sm2.pch */ = {isa = PBXFileReference; lastKnownFileType = sourcecode.c.h; path = sm2.pch; sourceTree = "<group>"; };
/* End PBXFileReference section */

/* Begin PBXFrameworksBuildPhase section */
		6ECF52AD1DF020BE00CD366C /* Frameworks */ = {
			isa = PBXFrameworksBuildPhase;
			buildActionMask = 2147483647;
			files = (
			);
			runOnlyForDeploymentPostprocessing = 0;
		};
/* End PBXFrameworksBuildPhase section */

/* Begin PBXGroup section */
		6EBB179A1DF68A6D005FCB70 /* GM_SM2-master */ = {
			isa = PBXGroup;
			children = (
				6EBB179B1DF68A6D005FCB70 /* libtommath-0.42.0 */,
				6EBB18CF1DF68A6E005FCB70 /* readme.txt */,
				6EBB18D01DF68A6E005FCB70 /* sm2_impl */,
			);
			path = "GM_SM2-master";
			sourceTree = "<group>";
		};
		6EBB179B1DF68A6D005FCB70 /* libtommath-0.42.0 */ = {
			isa = PBXGroup;
			children = (
				6EBB179D1DF68A6D005FCB70 /* bn_error.c */,
				6EBB179F1DF68A6D005FCB70 /* bn_fast_mp_invmod.c */,
				6EBB17A11DF68A6D005FCB70 /* bn_fast_mp_montgomery_reduce.c */,
				6EBB17A31DF68A6D005FCB70 /* bn_fast_s_mp_mul_digs.c */,
				6EBB17A51DF68A6D005FCB70 /* bn_fast_s_mp_mul_high_digs.c */,
				6EBB17A71DF68A6D005FCB70 /* bn_fast_s_mp_sqr.c */,
				6EBB17A91DF68A6D005FCB70 /* bn_mp_2expt.c */,
				6EBB17AB1DF68A6D005FCB70 /* bn_mp_abs.c */,
				6EBB17AD1DF68A6D005FCB70 /* bn_mp_add.c */,
				6EBB17AF1DF68A6D005FCB70 /* bn_mp_add_d.c */,
				6EBB17B11DF68A6D005FCB70 /* bn_mp_addmod.c */,
				6EBB17B31DF68A6D005FCB70 /* bn_mp_and.c */,
				6EBB17B51DF68A6D005FCB70 /* bn_mp_clamp.c */,
				6EBB17B71DF68A6D005FCB70 /* bn_mp_clear.c */,
				6EBB17B91DF68A6D005FCB70 /* bn_mp_clear_multi.c */,
				6EBB17BB1DF68A6D005FCB70 /* bn_mp_cmp.c */,
				6EBB17BD1DF68A6D005FCB70 /* bn_mp_cmp_d.c */,
				6EBB17BF1DF68A6D005FCB70 /* bn_mp_cmp_mag.c */,
				6EBB17C11DF68A6D005FCB70 /* bn_mp_cnt_lsb.c */,
				6EBB17C31DF68A6D005FCB70 /* bn_mp_copy.c */,
				6EBB17C51DF68A6D005FCB70 /* bn_mp_count_bits.c */,
				6EBB17C71DF68A6D005FCB70 /* bn_mp_div.c */,
				6EBB17C91DF68A6D005FCB70 /* bn_mp_div_2.c */,
				6EBB17CB1DF68A6D005FCB70 /* bn_mp_div_2d.c */,
				6EBB17CD1DF68A6D005FCB70 /* bn_mp_div_3.c */,
				6EBB17CF1DF68A6D005FCB70 /* bn_mp_div_d.c */,
				6EBB17D11DF68A6D005FCB70 /* bn_mp_dr_is_modulus.c */,
				6EBB17D31DF68A6D005FCB70 /* bn_mp_dr_reduce.c */,
				6EBB17D51DF68A6D005FCB70 /* bn_mp_dr_setup.c */,
				6EBB17D71DF68A6D005FCB70 /* bn_mp_exch.c */,
				6EBB17D91DF68A6D005FCB70 /* bn_mp_expt_d.c */,
				6EBB17DB1DF68A6D005FCB70 /* bn_mp_exptmod.c */,
				6EBB17DD1DF68A6D005FCB70 /* bn_mp_exptmod_fast.c */,
				6EBB17DF1DF68A6D005FCB70 /* bn_mp_exteuclid.c */,
				6EBB17E11DF68A6D005FCB70 /* bn_mp_fread.c */,
				6EBB17E31DF68A6D005FCB70 /* bn_mp_fwrite.c */,
				6EBB17E51DF68A6D005FCB70 /* bn_mp_gcd.c */,
				6EBB17E71DF68A6D005FCB70 /* bn_mp_get_int.c */,
				6EBB17E91DF68A6D005FCB70 /* bn_mp_grow.c */,
				6EBB17EB1DF68A6D005FCB70 /* bn_mp_init.c */,
				6EBB17ED1DF68A6D005FCB70 /* bn_mp_init_copy.c */,
				6EBB17EF1DF68A6D005FCB70 /* bn_mp_init_multi.c */,
				6EBB17F11DF68A6D005FCB70 /* bn_mp_init_set.c */,
				6EBB17F31DF68A6D005FCB70 /* bn_mp_init_set_int.c */,
				6EBB17F51DF68A6D005FCB70 /* bn_mp_init_size.c */,
				6EBB17F71DF68A6D005FCB70 /* bn_mp_invmod.c */,
				6EBB17F91DF68A6D005FCB70 /* bn_mp_invmod_slow.c */,
				6EBB17FB1DF68A6D005FCB70 /* bn_mp_is_square.c */,
				6EBB17FD1DF68A6D005FCB70 /* bn_mp_jacobi.c */,
				6EBB17FF1DF68A6D005FCB70 /* bn_mp_karatsuba_mul.c */,
				6EBB18011DF68A6D005FCB70 /* bn_mp_karatsuba_sqr.c */,
				6EBB18031DF68A6D005FCB70 /* bn_mp_lcm.c */,
				6EBB18051DF68A6D005FCB70 /* bn_mp_lshd.c */,
				6EBB18071DF68A6D005FCB70 /* bn_mp_mod.c */,
				6EBB18091DF68A6D005FCB70 /* bn_mp_mod_2d.c */,
				6EBB180B1DF68A6D005FCB70 /* bn_mp_mod_d.c */,
				6EBB180D1DF68A6D005FCB70 /* bn_mp_montgomery_calc_normalization.c */,
				6EBB180F1DF68A6D005FCB70 /* bn_mp_montgomery_reduce.c */,
				6EBB18111DF68A6D005FCB70 /* bn_mp_montgomery_setup.c */,
				6EBB18131DF68A6D005FCB70 /* bn_mp_mul.c */,
				6EBB18151DF68A6D005FCB70 /* bn_mp_mul_2.c */,
				6EBB18171DF68A6D005FCB70 /* bn_mp_mul_2d.c */,
				6EBB18191DF68A6D005FCB70 /* bn_mp_mul_d.c */,
				6EBB181B1DF68A6D005FCB70 /* bn_mp_mulmod.c */,
				6EBB181D1DF68A6D005FCB70 /* bn_mp_n_root.c */,
				6EBB181F1DF68A6D005FCB70 /* bn_mp_neg.c */,
				6EBB18211DF68A6D005FCB70 /* bn_mp_or.c */,
				6EBB18231DF68A6D005FCB70 /* bn_mp_prime_fermat.c */,
				6EBB18251DF68A6D005FCB70 /* bn_mp_prime_is_divisible.c */,
				6EBB18271DF68A6D005FCB70 /* bn_mp_prime_is_prime.c */,
				6EBB18291DF68A6D005FCB70 /* bn_mp_prime_miller_rabin.c */,
				6EBB182B1DF68A6D005FCB70 /* bn_mp_prime_next_prime.c */,
				6EBB182D1DF68A6D005FCB70 /* bn_mp_prime_rabin_miller_trials.c */,
				6EBB182F1DF68A6D005FCB70 /* bn_mp_prime_random_ex.c */,
				6EBB18311DF68A6D005FCB70 /* bn_mp_radix_size.c */,
				6EBB18331DF68A6D005FCB70 /* bn_mp_radix_smap.c */,
				6EBB18351DF68A6D005FCB70 /* bn_mp_rand.c */,
				6EBB18371DF68A6D005FCB70 /* bn_mp_read_radix.c */,
				6EBB18391DF68A6D005FCB70 /* bn_mp_read_signed_bin.c */,
				6EBB183B1DF68A6D005FCB70 /* bn_mp_read_unsigned_bin.c */,
				6EBB183D1DF68A6D005FCB70 /* bn_mp_reduce.c */,
				6EBB183F1DF68A6D005FCB70 /* bn_mp_reduce_2k.c */,
				6EBB18411DF68A6D005FCB70 /* bn_mp_reduce_2k_l.c */,
				6EBB18431DF68A6D005FCB70 /* bn_mp_reduce_2k_setup.c */,
				6EBB18451DF68A6D005FCB70 /* bn_mp_reduce_2k_setup_l.c */,
				6EBB18471DF68A6D005FCB70 /* bn_mp_reduce_is_2k.c */,
				6EBB18491DF68A6D005FCB70 /* bn_mp_reduce_is_2k_l.c */,
				6EBB184B1DF68A6D005FCB70 /* bn_mp_reduce_setup.c */,
				6EBB184D1DF68A6D005FCB70 /* bn_mp_rshd.c */,
				6EBB184F1DF68A6D005FCB70 /* bn_mp_set.c */,
				6EBB18511DF68A6D005FCB70 /* bn_mp_set_int.c */,
				6EBB18531DF68A6D005FCB70 /* bn_mp_shrink.c */,
				6EBB18551DF68A6D005FCB70 /* bn_mp_signed_bin_size.c */,
				6EBB18571DF68A6D005FCB70 /* bn_mp_sqr.c */,
				6EBB18591DF68A6D005FCB70 /* bn_mp_sqrmod.c */,
				6EBB185B1DF68A6D005FCB70 /* bn_mp_sqrt.c */,
				6EBB185D1DF68A6D005FCB70 /* bn_mp_sub.c */,
				6EBB185F1DF68A6D005FCB70 /* bn_mp_sub_d.c */,
				6EBB18611DF68A6D005FCB70 /* bn_mp_submod.c */,
				6EBB18631DF68A6D005FCB70 /* bn_mp_to_signed_bin.c */,
				6EBB18651DF68A6D005FCB70 /* bn_mp_to_signed_bin_n.c */,
				6EBB18671DF68A6D005FCB70 /* bn_mp_to_unsigned_bin.c */,
				6EBB18691DF68A6D005FCB70 /* bn_mp_to_unsigned_bin_n.c */,
				6EBB186B1DF68A6D005FCB70 /* bn_mp_toom_mul.c */,
				6EBB186D1DF68A6D005FCB70 /* bn_mp_toom_sqr.c */,
				6EBB186F1DF68A6D005FCB70 /* bn_mp_toradix.c */,
				6EBB18711DF68A6D005FCB70 /* bn_mp_toradix_n.c */,
				6EBB18731DF68A6D005FCB70 /* bn_mp_unsigned_bin_size.c */,
				6EBB18751DF68A6D005FCB70 /* bn_mp_xor.c */,
				6EBB18771DF68A6D005FCB70 /* bn_mp_zero.c */,
				6EBB18791DF68A6E005FCB70 /* bn_prime_tab.c */,
				6EBB187B1DF68A6E005FCB70 /* bn_reverse.c */,
				6EBB187D1DF68A6E005FCB70 /* bn_s_mp_add.c */,
				6EBB187F1DF68A6E005FCB70 /* bn_s_mp_exptmod.c */,
				6EBB18811DF68A6E005FCB70 /* bn_s_mp_mul_digs.c */,
				6EBB18831DF68A6E005FCB70 /* bn_s_mp_mul_high_digs.c */,
				6EBB18851DF68A6E005FCB70 /* bn_s_mp_sqr.c */,
				6EBB18871DF68A6E005FCB70 /* bn_s_mp_sub.c */,
				6EBB18891DF68A6E005FCB70 /* bncore.c */,
				6EBB188B1DF68A6E005FCB70 /* callgraph.txt */,
				6EBB188C1DF68A6E005FCB70 /* changes.txt */,
				6EBB18A71DF68A6E005FCB70 /* LICENSE */,
				6EBB18B71DF68A6E005FCB70 /* makefile */,
				6EBB18B81DF68A6E005FCB70 /* makefile.bcc */,
				6EBB18B91DF68A6E005FCB70 /* makefile.cygwin_dll */,
				6EBB18BA1DF68A6E005FCB70 /* makefile.icc */,
				6EBB18BB1DF68A6E005FCB70 /* makefile.msvc */,
				6EBB18BC1DF68A6E005FCB70 /* makefile.shared */,
				6EBB18BD1DF68A6E005FCB70 /* mess.sh */,
				6EBB18CC1DF68A6E005FCB70 /* tommath.h */,
				6EBB18CD1DF68A6E005FCB70 /* tommath_class.h */,
				6EBB18CE1DF68A6E005FCB70 /* tommath_superclass.h */,
			);
			path = "libtommath-0.42.0";
			sourceTree = "<group>";
		};
		6EBB18D01DF68A6E005FCB70 /* sm2_impl */ = {
			isa = PBXGroup;
			children = (
				6EBB18D11DF68A6E005FCB70 /* .cproject */,
				6EBB18D21DF68A6E005FCB70 /* Android.mk */,
				6EBB18D31DF68A6E005FCB70 /* GM_define.h */,
				6EBB18D51DF68A6E005FCB70 /* makefile */,
				6EBB18D61DF68A6E005FCB70 /* makefile_so */,
				6EBB18D71DF68A6E005FCB70 /* sm2.cpp */,
				6EBB18D81DF68A6E005FCB70 /* sm2.h */,
				6EBB18DC1DF68A6E005FCB70 /* sm3.c */,
				6EBB18DD1DF68A6E005FCB70 /* sm3.h */,
				6EBB18DF1DF68A6E005FCB70 /* tommath.h */,
				6EBB18E01DF68A6E005FCB70 /* tommath_class.h */,
				6EBB18E11DF68A6E005FCB70 /* tommath_superclass.h */,
			);
			path = sm2_impl;
			sourceTree = "<group>";
		};
		6ECF52A71DF020BE00CD366C = {
			isa = PBXGroup;
			children = (
				6ECF52B21DF020BE00CD366C /* SM2Simple */,
				6ECF52B11DF020BE00CD366C /* Products */,
			);
			sourceTree = "<group>";
		};
		6ECF52B11DF020BE00CD366C /* Products */ = {
			isa = PBXGroup;
			children = (
				6ECF52B01DF020BE00CD366C /* SM2Simple.app */,
			);
			name = Products;
			sourceTree = "<group>";
		};
		6ECF52B21DF020BE00CD366C /* SM2Simple */ = {
			isa = PBXGroup;
			children = (
				6EBB1ACE1DF69D0B005FCB70 /* NSData+HexString.h */,
				6EBB1ACF1DF69D0B005FCB70 /* NSData+HexString.m */,
				6EBB179A1DF68A6D005FCB70 /* GM_SM2-master */,
				6ECF52B61DF020BE00CD366C /* AppDelegate.h */,
				6ECF52B71DF020BE00CD366C /* AppDelegate.m */,
				6ECF52B91DF020BE00CD366C /* ViewController.h */,
				6ECF52BA1DF020BE00CD366C /* ViewController.m */,
				6ECF52BC1DF020BE00CD366C /* Main.storyboard */,
				6ECF52BF1DF020BE00CD366C /* Assets.xcassets */,
				6ECF52C11DF020BF00CD366C /* LaunchScreen.storyboard */,
				6ECF52C41DF020BF00CD366C /* Info.plist */,
				6ECF52B31DF020BE00CD366C /* Supporting Files */,
				6ECF52DC1DF0215100CD366C /* sm2.pch */,
				6EBB1ACB1DF69A41005FCB70 /* SM2Coded.h */,
				6EBB1ACC1DF69A41005FCB70 /* SM2Coded.m */,
			);
			path = SM2Simple;
			sourceTree = "<group>";
		};
		6ECF52B31DF020BE00CD366C /* Supporting Files */ = {
			isa = PBXGroup;
			children = (
				6ECF52B41DF020BE00CD366C /* main.m */,
			);
			name = "Supporting Files";
			sourceTree = "<group>";
		};
/* End PBXGroup section */

/* Begin PBXNativeTarget section */
		6ECF52AF1DF020BE00CD366C /* SM2Simple */ = {
			isa = PBXNativeTarget;
			buildConfigurationList = 6ECF52C71DF020BF00CD366C /* Build configuration list for PBXNativeTarget "SM2Simple" */;
			buildPhases = (
				6ECF52AC1DF020BE00CD366C /* Sources */,
				6ECF52AD1DF020BE00CD366C /* Frameworks */,
				6ECF52AE1DF020BE00CD366C /* Resources */,
			);
			buildRules = (
			);
			dependencies = (
			);
			name = SM2Simple;
			productName = SM2Simple;
			productReference = 6ECF52B01DF020BE00CD366C /* SM2Simple.app */;
			productType = "com.apple.product-type.application";
		};
/* End PBXNativeTarget section */

/* Begin PBXProject section */
		6ECF52A81DF020BE00CD366C /* Project object */ = {
			isa = PBXProject;
			attributes = {
				LastUpgradeCheck = 0800;
				ORGANIZATIONNAME = pingan;
				TargetAttributes = {
					6ECF52AF1DF020BE00CD366C = {
						CreatedOnToolsVersion = 8.0;
						DevelopmentTeam = VE225QDH8C;
						ProvisioningStyle = Automatic;
					};
				};
			};
			buildConfigurationList = 6ECF52AB1DF020BE00CD366C /* Build configuration list for PBXProject "SM2Simple" */;
			compatibilityVersion = "Xcode 3.2";
			developmentRegion = English;
			hasScannedForEncodings = 0;
			knownRegions = (
				en,
				Base,
			);
			mainGroup = 6ECF52A71DF020BE00CD366C;
			productRefGroup = 6ECF52B11DF020BE00CD366C /* Products */;
			projectDirPath = "";
			projectRoot = "";
			targets = (
				6ECF52AF1DF020BE00CD366C /* SM2Simple */,
			);
		};
/* End PBXProject section */

/* Begin PBXResourcesBuildPhase section */
		6ECF52AE1DF020BE00CD366C /* Resources */ = {
			isa = PBXResourcesBuildPhase;
			buildActionMask = 2147483647;
			files = (
				6EBB1A4B1DF68A6F005FCB70 /* changes.txt in Resources */,
				6EBB1A751DF68A6F005FCB70 /* makefile.cygwin_dll in Resources */,
				6EBB1A4A1DF68A6F005FCB70 /* callgraph.txt in Resources */,
				6EBB1A851DF68A6F005FCB70 /* makefile_so in Resources */,
				6EBB1A761DF68A6F005FCB70 /* makefile.icc in Resources */,
				6EBB1A821DF68A6F005FCB70 /* Android.mk in Resources */,
				6ECF52C31DF020BF00CD366C /* LaunchScreen.storyboard in Resources */,
				6EBB1A781DF68A6F005FCB70 /* makefile.shared in Resources */,
				6EBB1A811DF68A6F005FCB70 /* .cproject in Resources */,
				6EBB1A791DF68A6F005FCB70 /* mess.sh in Resources */,
				6EBB1A641DF68A6F005FCB70 /* LICENSE in Resources */,
				6ECF52C01DF020BE00CD366C /* Assets.xcassets in Resources */,
				6EBB1A741DF68A6F005FCB70 /* makefile.bcc in Resources */,
				6EBB1A771DF68A6F005FCB70 /* makefile.msvc in Resources */,
				6ECF52BE1DF020BE00CD366C /* Main.storyboard in Resources */,
				6EBB1A801DF68A6F005FCB70 /* readme.txt in Resources */,
			);
			runOnlyForDeploymentPostprocessing = 0;
		};
/* End PBXResourcesBuildPhase section */

/* Begin PBXSourcesBuildPhase section */
		6ECF52AC1DF020BE00CD366C /* Sources */ = {
			isa = PBXSourcesBuildPhase;
			buildActionMask = 2147483647;
			files = (
				6EBB19781DF68A6E005FCB70 /* bn_mp_clear_multi.c in Sources */,
				6EBB19661DF68A6E005FCB70 /* bn_fast_s_mp_sqr.c in Sources */,
				6EBB1A161DF68A6E005FCB70 /* bn_mp_sqr.c in Sources */,
				6EBB19701DF68A6E005FCB70 /* bn_mp_addmod.c in Sources */,
				6EBB19C81DF68A6E005FCB70 /* bn_mp_mod_2d.c in Sources */,
				6EBB1A081DF68A6E005FCB70 /* bn_mp_reduce_is_2k_l.c in Sources */,
				6EBB1A0C1DF68A6E005FCB70 /* bn_mp_rshd.c in Sources */,
				6EBB195C1DF68A6E005FCB70 /* bn_error.c in Sources */,
				6EBB197C1DF68A6E005FCB70 /* bn_mp_cmp_d.c in Sources */,
				6EBB195E1DF68A6E005FCB70 /* bn_fast_mp_invmod.c in Sources */,
				6EBB198C1DF68A6E005FCB70 /* bn_mp_div_3.c in Sources */,
				6EBB1A1A1DF68A6E005FCB70 /* bn_mp_sqrt.c in Sources */,
				6EBB19B01DF68A6E005FCB70 /* bn_mp_init_set.c in Sources */,
				6EBB1A061DF68A6E005FCB70 /* bn_mp_reduce_is_2k.c in Sources */,
				6EBB19EC1DF68A6E005FCB70 /* bn_mp_prime_rabin_miller_trials.c in Sources */,
				6EBB19641DF68A6E005FCB70 /* bn_fast_s_mp_mul_high_digs.c in Sources */,
				6EBB1A3E1DF68A6F005FCB70 /* bn_s_mp_exptmod.c in Sources */,
				6EBB1A321DF68A6E005FCB70 /* bn_mp_unsigned_bin_size.c in Sources */,
				6EBB19901DF68A6E005FCB70 /* bn_mp_dr_is_modulus.c in Sources */,
				6EBB19681DF68A6E005FCB70 /* bn_mp_2expt.c in Sources */,
				6EBB19F41DF68A6E005FCB70 /* bn_mp_rand.c in Sources */,
				6EBB1A3C1DF68A6E005FCB70 /* bn_s_mp_add.c in Sources */,
				6EBB19B41DF68A6E005FCB70 /* bn_mp_init_size.c in Sources */,
				6EBB19B21DF68A6E005FCB70 /* bn_mp_init_set_int.c in Sources */,
				6EBB19741DF68A6E005FCB70 /* bn_mp_clamp.c in Sources */,
				6EBB1A461DF68A6F005FCB70 /* bn_s_mp_sub.c in Sources */,
				6EBB19FE1DF68A6E005FCB70 /* bn_mp_reduce_2k.c in Sources */,
				6EBB19C61DF68A6E005FCB70 /* bn_mp_mod.c in Sources */,
				6EBB19881DF68A6E005FCB70 /* bn_mp_div_2.c in Sources */,
				6EBB1A181DF68A6E005FCB70 /* bn_mp_sqrmod.c in Sources */,
				6EBB198E1DF68A6E005FCB70 /* bn_mp_div_d.c in Sources */,
				6EBB19E81DF68A6E005FCB70 /* bn_mp_prime_miller_rabin.c in Sources */,
				6EBB19EA1DF68A6E005FCB70 /* bn_mp_prime_next_prime.c in Sources */,
				6EBB19A41DF68A6E005FCB70 /* bn_mp_gcd.c in Sources */,
				6EBB1A0A1DF68A6E005FCB70 /* bn_mp_reduce_setup.c in Sources */,
				6ECF52BB1DF020BE00CD366C /* ViewController.m in Sources */,
				6EBB19C01DF68A6E005FCB70 /* bn_mp_karatsuba_sqr.c in Sources */,
				6EBB199E1DF68A6E005FCB70 /* bn_mp_exteuclid.c in Sources */,
				6EBB1A141DF68A6E005FCB70 /* bn_mp_signed_bin_size.c in Sources */,
				6EBB19A61DF68A6E005FCB70 /* bn_mp_get_int.c in Sources */,
				6EBB19801DF68A6E005FCB70 /* bn_mp_cnt_lsb.c in Sources */,
				6EBB19D81DF68A6E005FCB70 /* bn_mp_mul_d.c in Sources */,
				6EBB1A381DF68A6E005FCB70 /* bn_prime_tab.c in Sources */,
				6EBB19861DF68A6E005FCB70 /* bn_mp_div.c in Sources */,
				6EBB1A841DF68A6F005FCB70 /* makefile in Sources */,
				6EBB19BE1DF68A6E005FCB70 /* bn_mp_karatsuba_mul.c in Sources */,
				6EBB196A1DF68A6E005FCB70 /* bn_mp_abs.c in Sources */,
				6EBB19F21DF68A6E005FCB70 /* bn_mp_radix_smap.c in Sources */,
				6EBB19AE1DF68A6E005FCB70 /* bn_mp_init_multi.c in Sources */,
				6EBB1A8A1DF68A6F005FCB70 /* sm3.c in Sources */,
				6EBB1A281DF68A6E005FCB70 /* bn_mp_to_unsigned_bin_n.c in Sources */,
				6EBB1A861DF68A6F005FCB70 /* sm2.cpp in Sources */,
				6EBB197A1DF68A6E005FCB70 /* bn_mp_cmp.c in Sources */,
				6EBB19F61DF68A6E005FCB70 /* bn_mp_read_radix.c in Sources */,
				6EBB19A21DF68A6E005FCB70 /* bn_mp_fwrite.c in Sources */,
				6EBB199C1DF68A6E005FCB70 /* bn_mp_exptmod_fast.c in Sources */,
				6EBB1A2C1DF68A6E005FCB70 /* bn_mp_toom_sqr.c in Sources */,
				6EBB19941DF68A6E005FCB70 /* bn_mp_dr_setup.c in Sources */,
				6EBB199A1DF68A6E005FCB70 /* bn_mp_exptmod.c in Sources */,
				6ECF52B81DF020BE00CD366C /* AppDelegate.m in Sources */,
				6EBB1A221DF68A6E005FCB70 /* bn_mp_to_signed_bin.c in Sources */,
				6EBB1A001DF68A6E005FCB70 /* bn_mp_reduce_2k_l.c in Sources */,
				6EBB1A241DF68A6E005FCB70 /* bn_mp_to_signed_bin_n.c in Sources */,
				6EBB19F01DF68A6E005FCB70 /* bn_mp_radix_size.c in Sources */,
				6EBB19BC1DF68A6E005FCB70 /* bn_mp_jacobi.c in Sources */,
				6EBB1A2A1DF68A6E005FCB70 /* bn_mp_toom_mul.c in Sources */,
				6EBB19B81DF68A6E005FCB70 /* bn_mp_invmod_slow.c in Sources */,
				6EBB19E01DF68A6E005FCB70 /* bn_mp_or.c in Sources */,
				6EBB1A401DF68A6F005FCB70 /* bn_s_mp_mul_digs.c in Sources */,
				6EBB19981DF68A6E005FCB70 /* bn_mp_expt_d.c in Sources */,
				6EBB1A021DF68A6E005FCB70 /* bn_mp_reduce_2k_setup.c in Sources */,
				6EBB19DE1DF68A6E005FCB70 /* bn_mp_neg.c in Sources */,
				6EBB19EE1DF68A6E005FCB70 /* bn_mp_prime_random_ex.c in Sources */,
				6EBB1A101DF68A6E005FCB70 /* bn_mp_set_int.c in Sources */,
				6EBB1A1E1DF68A6E005FCB70 /* bn_mp_sub_d.c in Sources */,
				6EBB196C1DF68A6E005FCB70 /* bn_mp_add.c in Sources */,
				6EBB196E1DF68A6E005FCB70 /* bn_mp_add_d.c in Sources */,
				6EBB198A1DF68A6E005FCB70 /* bn_mp_div_2d.c in Sources */,
				6EBB19D41DF68A6E005FCB70 /* bn_mp_mul_2.c in Sources */,
				6EBB1A0E1DF68A6E005FCB70 /* bn_mp_set.c in Sources */,
				6EBB1A201DF68A6E005FCB70 /* bn_mp_submod.c in Sources */,
				6EBB1A481DF68A6F005FCB70 /* bncore.c in Sources */,
				6EBB19841DF68A6E005FCB70 /* bn_mp_count_bits.c in Sources */,
				6EBB1A421DF68A6F005FCB70 /* bn_s_mp_mul_high_digs.c in Sources */,
				6EBB19761DF68A6E005FCB70 /* bn_mp_clear.c in Sources */,
				6EBB1ACD1DF69A41005FCB70 /* SM2Coded.m in Sources */,
				6EBB19FC1DF68A6E005FCB70 /* bn_mp_reduce.c in Sources */,
				6EBB19721DF68A6E005FCB70 /* bn_mp_and.c in Sources */,
				6EBB19D01DF68A6E005FCB70 /* bn_mp_montgomery_setup.c in Sources */,
				6EBB19FA1DF68A6E005FCB70 /* bn_mp_read_unsigned_bin.c in Sources */,
				6EBB19D21DF68A6E005FCB70 /* bn_mp_mul.c in Sources */,
				6EBB1A341DF68A6E005FCB70 /* bn_mp_xor.c in Sources */,
				6EBB19E21DF68A6E005FCB70 /* bn_mp_prime_fermat.c in Sources */,
				6EBB19F81DF68A6E005FCB70 /* bn_mp_read_signed_bin.c in Sources */,
				6EBB1A301DF68A6E005FCB70 /* bn_mp_toradix_n.c in Sources */,
				6EBB1A441DF68A6F005FCB70 /* bn_s_mp_sqr.c in Sources */,
				6EBB1AD01DF69D0B005FCB70 /* NSData+HexString.m in Sources */,
				6EBB19E61DF68A6E005FCB70 /* bn_mp_prime_is_prime.c in Sources */,
				6EBB19621DF68A6E005FCB70 /* bn_fast_s_mp_mul_digs.c in Sources */,
				6EBB19C21DF68A6E005FCB70 /* bn_mp_lcm.c in Sources */,
				6EBB1A261DF68A6E005FCB70 /* bn_mp_to_unsigned_bin.c in Sources */,
				6EBB1A2E1DF68A6E005FCB70 /* bn_mp_toradix.c in Sources */,
				6EBB19D61DF68A6E005FCB70 /* bn_mp_mul_2d.c in Sources */,
				6EBB19A01DF68A6E005FCB70 /* bn_mp_fread.c in Sources */,
				6EBB19AC1DF68A6E005FCB70 /* bn_mp_init_copy.c in Sources */,
				6EBB197E1DF68A6E005FCB70 /* bn_mp_cmp_mag.c in Sources */,
				6EBB1A3A1DF68A6E005FCB70 /* bn_reverse.c in Sources */,
				6EBB19E41DF68A6E005FCB70 /* bn_mp_prime_is_divisible.c in Sources */,
				6EBB19AA1DF68A6E005FCB70 /* bn_mp_init.c in Sources */,
				6ECF52B51DF020BE00CD366C /* main.m in Sources */,
				6EBB19CA1DF68A6E005FCB70 /* bn_mp_mod_d.c in Sources */,
				6EBB1A1C1DF68A6E005FCB70 /* bn_mp_sub.c in Sources */,
				6EBB1A361DF68A6E005FCB70 /* bn_mp_zero.c in Sources */,
				6EBB19BA1DF68A6E005FCB70 /* bn_mp_is_square.c in Sources */,
				6EBB1A121DF68A6E005FCB70 /* bn_mp_shrink.c in Sources */,
				6EBB19961DF68A6E005FCB70 /* bn_mp_exch.c in Sources */,
				6EBB19CE1DF68A6E005FCB70 /* bn_mp_montgomery_reduce.c in Sources */,
				6EBB19601DF68A6E005FCB70 /* bn_fast_mp_montgomery_reduce.c in Sources */,
				6EBB1A731DF68A6F005FCB70 /* makefile in Sources */,
				6EBB19CC1DF68A6E005FCB70 /* bn_mp_montgomery_calc_normalization.c in Sources */,
				6EBB19C41DF68A6E005FCB70 /* bn_mp_lshd.c in Sources */,
				6EBB19921DF68A6E005FCB70 /* bn_mp_dr_reduce.c in Sources */,
				6EBB19DC1DF68A6E005FCB70 /* bn_mp_n_root.c in Sources */,
				6EBB19DA1DF68A6E005FCB70 /* bn_mp_mulmod.c in Sources */,
				6EBB1A041DF68A6E005FCB70 /* bn_mp_reduce_2k_setup_l.c in Sources */,
				6EBB19821DF68A6E005FCB70 /* bn_mp_copy.c in Sources */,
				6EBB19B61DF68A6E005FCB70 /* bn_mp_invmod.c in Sources */,
				6EBB19A81DF68A6E005FCB70 /* bn_mp_grow.c in Sources */,
			);
			runOnlyForDeploymentPostprocessing = 0;
		};
/* End PBXSourcesBuildPhase section */

/* Begin PBXVariantGroup section */
		6ECF52BC1DF020BE00CD366C /* Main.storyboard */ = {
			isa = PBXVariantGroup;
			children = (
				6ECF52BD1DF020BE00CD366C /* Base */,
			);
			name = Main.storyboard;
			sourceTree = "<group>";
		};
		6ECF52C11DF020BF00CD366C /* LaunchScreen.storyboard */ = {
			isa = PBXVariantGroup;
			children = (
				6ECF52C21DF020BF00CD366C /* Base */,
			);
			name = LaunchScreen.storyboard;
			sourceTree = "<group>";
		};
/* End PBXVariantGroup section */

/* Begin XCBuildConfiguration section */
		6ECF52C51DF020BF00CD366C /* Debug */ = {
			isa = XCBuildConfiguration;
			buildSettings = {
				ALWAYS_SEARCH_USER_PATHS = NO;
				CLANG_ANALYZER_NONNULL = YES;
				CLANG_CXX_LANGUAGE_STANDARD = "gnu++0x";
				CLANG_CXX_LIBRARY = "libc++";
				CLANG_ENABLE_MODULES = YES;
				CLANG_ENABLE_OBJC_ARC = YES;
				CLANG_WARN_BOOL_CONVERSION = YES;
				CLANG_WARN_CONSTANT_CONVERSION = YES;
				CLANG_WARN_DIRECT_OBJC_ISA_USAGE = YES_ERROR;
				CLANG_WARN_DOCUMENTATION_COMMENTS = YES;
				CLANG_WARN_EMPTY_BODY = YES;
				CLANG_WARN_ENUM_CONVERSION = YES;
				CLANG_WARN_INFINITE_RECURSION = YES;
				CLANG_WARN_INT_CONVERSION = YES;
				CLANG_WARN_OBJC_ROOT_CLASS = YES_ERROR;
				CLANG_WARN_SUSPICIOUS_MOVES = YES;
				CLANG_WARN_UNREACHABLE_CODE = YES;
				CLANG_WARN__DUPLICATE_METHOD_MATCH = YES;
				"CODE_SIGN_IDENTITY[sdk=iphoneos*]" = "iPhone Developer";
				COPY_PHASE_STRIP = NO;
				DEBUG_INFORMATION_FORMAT = dwarf;
				ENABLE_STRICT_OBJC_MSGSEND = YES;
				ENABLE_TESTABILITY = YES;
				GCC_C_LANGUAGE_STANDARD = gnu99;
				GCC_DYNAMIC_NO_PIC = NO;
				GCC_NO_COMMON_BLOCKS = YES;
				GCC_OPTIMIZATION_LEVEL = 0;
				GCC_PREPROCESSOR_DEFINITIONS = (
					"DEBUG=1",
					"$(inherited)",
				);
				GCC_WARN_64_TO_32_BIT_CONVERSION = YES;
				GCC_WARN_ABOUT_RETURN_TYPE = YES_ERROR;
				GCC_WARN_UNDECLARED_SELECTOR = YES;
				GCC_WARN_UNINITIALIZED_AUTOS = YES_AGGRESSIVE;
				GCC_WARN_UNUSED_FUNCTION = YES;
				GCC_WARN_UNUSED_VARIABLE = YES;
				IPHONEOS_DEPLOYMENT_TARGET = 10.0;
				MTL_ENABLE_DEBUG_INFO = YES;
				ONLY_ACTIVE_ARCH = YES;
				SDKROOT = iphoneos;
			};
			name = Debug;
		};
		6ECF52C61DF020BF00CD366C /* Release */ = {
			isa = XCBuildConfiguration;
			buildSettings = {
				ALWAYS_SEARCH_USER_PATHS = NO;
				CLANG_ANALYZER_NONNULL = YES;
				CLANG_CXX_LANGUAGE_STANDARD = "gnu++0x";
				CLANG_CXX_LIBRARY = "libc++";
				CLANG_ENABLE_MODULES = YES;
				CLANG_ENABLE_OBJC_ARC = YES;
				CLANG_WARN_BOOL_CONVERSION = YES;
				CLANG_WARN_CONSTANT_CONVERSION = YES;
				CLANG_WARN_DIRECT_OBJC_ISA_USAGE = YES_ERROR;
				CLANG_WARN_DOCUMENTATION_COMMENTS = YES;
				CLANG_WARN_EMPTY_BODY = YES;
				CLANG_WARN_ENUM_CONVERSION = YES;
				CLANG_WARN_INFINITE_RECURSION = YES;
				CLANG_WARN_INT_CONVERSION = YES;
				CLANG_WARN_OBJC_ROOT_CLASS = YES_ERROR;
				CLANG_WARN_SUSPICIOUS_MOVES = YES;
				CLANG_WARN_UNREACHABLE_CODE = YES;
				CLANG_WARN__DUPLICATE_METHOD_MATCH = YES;
				"CODE_SIGN_IDENTITY[sdk=iphoneos*]" = "iPhone Developer";
				COPY_PHASE_STRIP = NO;
				DEBUG_INFORMATION_FORMAT = "dwarf-with-dsym";
				ENABLE_NS_ASSERTIONS = NO;
				ENABLE_STRICT_OBJC_MSGSEND = YES;
				GCC_C_LANGUAGE_STANDARD = gnu99;
				GCC_NO_COMMON_BLOCKS = YES;
				GCC_WARN_64_TO_32_BIT_CONVERSION = YES;
				GCC_WARN_ABOUT_RETURN_TYPE = YES_ERROR;
				GCC_WARN_UNDECLARED_SELECTOR = YES;
				GCC_WARN_UNINITIALIZED_AUTOS = YES_AGGRESSIVE;
				GCC_WARN_UNUSED_FUNCTION = YES;
				GCC_WARN_UNUSED_VARIABLE = YES;
				IPHONEOS_DEPLOYMENT_TARGET = 10.0;
				MTL_ENABLE_DEBUG_INFO = NO;
				SDKROOT = iphoneos;
				VALIDATE_PRODUCT = YES;
			};
			name = Release;
		};
		6ECF52C81DF020BF00CD366C /* Debug */ = {
			isa = XCBuildConfiguration;
			buildSettings = {
				ALWAYS_SEARCH_USER_PATHS = YES;
				ASSETCATALOG_COMPILER_APPICON_NAME = AppIcon;
				DEVELOPMENT_TEAM = VE225QDH8C;
				GCC_PREFIX_HEADER = SM2SImple/sm2.pch;
				HEADER_SEARCH_PATHS = "";
				INFOPLIST_FILE = SM2Simple/Info.plist;
				LD_RUNPATH_SEARCH_PATHS = "$(inherited) @executable_path/Frameworks";
				LIBRARY_SEARCH_PATHS = "$(inherited)";
				PRODUCT_BUNDLE_IDENTIFIER = com.bl.sm2.SM2Simple;
				PRODUCT_NAME = "$(TARGET_NAME)";
				USER_HEADER_SEARCH_PATHS = "$(PROJECT_DIR)/SM2Simple/GM_SM2-master/sm2_impl $(PROJECT_DIR)/SM2Simple/GM_SM2-master/libtommath-0.42.0";
			};
			name = Debug;
		};
		6ECF52C91DF020BF00CD366C /* Release */ = {
			isa = XCBuildConfiguration;
			buildSettings = {
				ALWAYS_SEARCH_USER_PATHS = YES;
				ASSETCATALOG_COMPILER_APPICON_NAME = AppIcon;
				DEVELOPMENT_TEAM = VE225QDH8C;
				GCC_PREFIX_HEADER = SM2SImple/sm2.pch;
				HEADER_SEARCH_PATHS = "";
				INFOPLIST_FILE = SM2Simple/Info.plist;
				LD_RUNPATH_SEARCH_PATHS = "$(inherited) @executable_path/Frameworks";
				LIBRARY_SEARCH_PATHS = "$(inherited)";
				PRODUCT_BUNDLE_IDENTIFIER = com.bl.sm2.SM2Simple;
				PRODUCT_NAME = "$(TARGET_NAME)";
				USER_HEADER_SEARCH_PATHS = "$(PROJECT_DIR)/SM2Simple/GM_SM2-master/sm2_impl $(PROJECT_DIR)/SM2Simple/GM_SM2-master/libtommath-0.42.0";
			};
			name = Release;
		};
/* End XCBuildConfiguration section */

/* Begin XCConfigurationList section */
		6ECF52AB1DF020BE00CD366C /* Build configuration list for PBXProject "SM2Simple" */ = {
			isa = XCConfigurationList;
			buildConfigurations = (
				6ECF52C51DF020BF00CD366C /* Debug */,
				6ECF52C61DF020BF00CD366C /* Release */,
			);
			defaultConfigurationIsVisible = 0;
			defaultConfigurationName = Release;
		};
		6ECF52C71DF020BF00CD366C /* Build configuration list for PBXNativeTarget "SM2Simple" */ = {
			isa = XCConfigurationList;
			buildConfigurations = (
				6ECF52C81DF020BF00CD366C /* Debug */,
				6ECF52C91DF020BF00CD366C /* Release */,
			);
			defaultConfigurationIsVisible = 0;
			defaultConfigurationName = Release;
		};
/* End XCConfigurationList section */
	};
	rootObject = 6ECF52A81DF020BE00CD366C /* Project object */;
}
